// !$*UTF8*$!
{
	archiveVersion = 1;
	classes = {
	};
	objectVersion = 55;
	objects = {

/* Begin PBXBuildFile section */
		5F6FE84328C5B61000B46B81 /* Assets.xcassets in Resources */ = {isa = PBXBuildFile; fileRef = 5F6FE84228C5B61000B46B81 /* Assets.xcassets */; };
		5F6FE84628C5B61000B46B81 /* LaunchScreen.storyboard in Resources */ = {isa = PBXBuildFile; fileRef = 5F6FE84428C5B61000B46B81 /* LaunchScreen.storyboard */; };
		5F6FE85828C5B6A400B46B81 /* ApplicationNavigator.swift in Sources */ = {isa = PBXBuildFile; fileRef = 5F6FE85428C5B6A400B46B81 /* ApplicationNavigator.swift */; };
		5F6FE85928C5B6A400B46B81 /* ApplicationCoordinator.swift in Sources */ = {isa = PBXBuildFile; fileRef = 5F6FE85528C5B6A400B46B81 /* ApplicationCoordinator.swift */; };
		5F6FE85A28C5B6A400B46B81 /* AppDelegate.swift in Sources */ = {isa = PBXBuildFile; fileRef = 5F6FE85628C5B6A400B46B81 /* AppDelegate.swift */; };
		5F6FE85B28C5B6A400B46B81 /* NavigationController.swift in Sources */ = {isa = PBXBuildFile; fileRef = 5F6FE85728C5B6A400B46B81 /* NavigationController.swift */; };
		5F6FE8B828C5B7E300B46B81 /* Context.swift in Sources */ = {isa = PBXBuildFile; fileRef = 5F6FE85D28C5B7E300B46B81 /* Context.swift */; };
		5F6FE8B928C5B7E300B46B81 /* ViewController.swift in Sources */ = {isa = PBXBuildFile; fileRef = 5F6FE85F28C5B7E300B46B81 /* ViewController.swift */; };
		5F6FE8BA28C5B7E300B46B81 /* ViewModel.swift in Sources */ = {isa = PBXBuildFile; fileRef = 5F6FE86028C5B7E300B46B81 /* ViewModel.swift */; };
		5F6FE8BB28C5B7E300B46B81 /* Builder.swift in Sources */ = {isa = PBXBuildFile; fileRef = 5F6FE86128C5B7E300B46B81 /* Builder.swift */; };
		5F6FE8BC28C5B7E300B46B81 /* Router.swift in Sources */ = {isa = PBXBuildFile; fileRef = 5F6FE86228C5B7E300B46B81 /* Router.swift */; };
		5F6FE8BD28C5B7E300B46B81 /* ViewModelDataSource.swift in Sources */ = {isa = PBXBuildFile; fileRef = 5F6FE86328C5B7E300B46B81 /* ViewModelDataSource.swift */; };
		5F6FE8BE28C5B7E300B46B81 /* ModuleBuilder.swift in Sources */ = {isa = PBXBuildFile; fileRef = 5F6FE86428C5B7E300B46B81 /* ModuleBuilder.swift */; };
		5F6FE8BF28C5B7E300B46B81 /* HeadersBuilder.swift in Sources */ = {isa = PBXBuildFile; fileRef = 5F6FE86728C5B7E300B46B81 /* HeadersBuilder.swift */; };
		5F6FE8C028C5B7E300B46B81 /* ParametersEncoding.swift in Sources */ = {isa = PBXBuildFile; fileRef = 5F6FE86928C5B7E300B46B81 /* ParametersEncoding.swift */; };
		5F6FE8C128C5B7E300B46B81 /* NetworkResponse.swift in Sources */ = {isa = PBXBuildFile; fileRef = 5F6FE86A28C5B7E300B46B81 /* NetworkResponse.swift */; };
		5F6FE8C228C5B7E300B46B81 /* HTTPMethod.swift in Sources */ = {isa = PBXBuildFile; fileRef = 5F6FE86B28C5B7E300B46B81 /* HTTPMethod.swift */; };
		5F6FE8C328C5B7E300B46B81 /* TaskType.swift in Sources */ = {isa = PBXBuildFile; fileRef = 5F6FE86C28C5B7E300B46B81 /* TaskType.swift */; };
		5F6FE8C428C5B7E300B46B81 /* NetworkError.swift in Sources */ = {isa = PBXBuildFile; fileRef = 5F6FE86D28C5B7E300B46B81 /* NetworkError.swift */; };
		5F6FE8C528C5B7E300B46B81 /* URLSessionProvider.swift in Sources */ = {isa = PBXBuildFile; fileRef = 5F6FE86F28C5B7E300B46B81 /* URLSessionProvider.swift */; };
		5F6FE8C728C5B7E300B46B81 /* ServiceProtocol.swift in Sources */ = {isa = PBXBuildFile; fileRef = 5F6FE87228C5B7E300B46B81 /* ServiceProtocol.swift */; };
		5F6FE8C828C5B7E300B46B81 /* URLSessionProtocol.swift in Sources */ = {isa = PBXBuildFile; fileRef = 5F6FE87328C5B7E300B46B81 /* URLSessionProtocol.swift */; };
		5F6FE8C928C5B7E300B46B81 /* ProviderProtocol.swift in Sources */ = {isa = PBXBuildFile; fileRef = 5F6FE87428C5B7E300B46B81 /* ProviderProtocol.swift */; };
		5F6FE8CA28C5B7E300B46B81 /* Endpoints.swift in Sources */ = {isa = PBXBuildFile; fileRef = 5F6FE87628C5B7E300B46B81 /* Endpoints.swift */; };
		5F6FE8CB28C5B7E300B46B81 /* Environment.swift in Sources */ = {isa = PBXBuildFile; fileRef = 5F6FE87728C5B7E300B46B81 /* Environment.swift */; };
		5F6FE8CE28C5B7E300B46B81 /* ResponseError.swift in Sources */ = {isa = PBXBuildFile; fileRef = 5F6FE87C28C5B7E300B46B81 /* ResponseError.swift */; };
		5F6FE8FC28C5B7E300B46B81 /* JsonNull+Class.swift in Sources */ = {isa = PBXBuildFile; fileRef = 5F6FE8B028C5B7E300B46B81 /* JsonNull+Class.swift */; };
		5F6FE91228C5BA1A00B46B81 /* UserAuthenticationController.swift in Sources */ = {isa = PBXBuildFile; fileRef = 5F6FE90428C5BA1A00B46B81 /* UserAuthenticationController.swift */; };
		5F6FE91328C5BA1A00B46B81 /* UserAuthenticationControllerObserver.swift in Sources */ = {isa = PBXBuildFile; fileRef = 5F6FE90528C5BA1A00B46B81 /* UserAuthenticationControllerObserver.swift */; };
		5F6FE91528C5BA1A00B46B81 /* UserInformation.swift in Sources */ = {isa = PBXBuildFile; fileRef = 5F6FE90828C5BA1A00B46B81 /* UserInformation.swift */; };
		5F6FE91628C5BA1A00B46B81 /* Account.swift in Sources */ = {isa = PBXBuildFile; fileRef = 5F6FE90928C5BA1A00B46B81 /* Account.swift */; };
		5F6FE91728C5BA1A00B46B81 /* UserProfileProvider.swift in Sources */ = {isa = PBXBuildFile; fileRef = 5F6FE90A28C5BA1A00B46B81 /* UserProfileProvider.swift */; };
		5F6FE91828C5BA1A00B46B81 /* BaseViewController.swift in Sources */ = {isa = PBXBuildFile; fileRef = 5F6FE90C28C5BA1A00B46B81 /* BaseViewController.swift */; };
		5F6FE94528C5BC2000B46B81 /* RefreshControl.swift in Sources */ = {isa = PBXBuildFile; fileRef = 5F6FE92828C5BC2000B46B81 /* RefreshControl.swift */; };
		5F6FE94628C5BC2000B46B81 /* UIColorExtension.swift in Sources */ = {isa = PBXBuildFile; fileRef = 5F6FE92928C5BC2000B46B81 /* UIColorExtension.swift */; };
		5F6FE94828C5BC2000B46B81 /* UIView+Autolayout.swift in Sources */ = {isa = PBXBuildFile; fileRef = 5F6FE92B28C5BC2000B46B81 /* UIView+Autolayout.swift */; };
		5F6FE94928C5BC2000B46B81 /* NibView.swift in Sources */ = {isa = PBXBuildFile; fileRef = 5F6FE92C28C5BC2000B46B81 /* NibView.swift */; };
		5F6FE94D28C5BC2000B46B81 /* UIBarButtonItem+Back.swift in Sources */ = {isa = PBXBuildFile; fileRef = 5F6FE93028C5BC2000B46B81 /* UIBarButtonItem+Back.swift */; };
		5F6FE95428C5BC2000B46B81 /* TitleLabel.swift in Sources */ = {isa = PBXBuildFile; fileRef = 5F6FE93728C5BC2000B46B81 /* TitleLabel.swift */; };
		5F6FE95528C5BC2000B46B81 /* ReusableCell.swift in Sources */ = {isa = PBXBuildFile; fileRef = 5F6FE93828C5BC2000B46B81 /* ReusableCell.swift */; };
		5F6FE95628C5BC2000B46B81 /* KeyboardHelper.swift in Sources */ = {isa = PBXBuildFile; fileRef = 5F6FE93928C5BC2000B46B81 /* KeyboardHelper.swift */; };
		5F6FE95728C5BC2000B46B81 /* KeychainHelper.swift in Sources */ = {isa = PBXBuildFile; fileRef = 5F6FE93A28C5BC2000B46B81 /* KeychainHelper.swift */; };
		5F6FE95828C5BC2000B46B81 /* KeychainManager.swift in Sources */ = {isa = PBXBuildFile; fileRef = 5F6FE93B28C5BC2000B46B81 /* KeychainManager.swift */; };
		5F6FE95928C5BC2000B46B81 /* KeyValueStorage.swift in Sources */ = {isa = PBXBuildFile; fileRef = 5F6FE93D28C5BC2000B46B81 /* KeyValueStorage.swift */; };
		5F6FE95C28C5BC2000B46B81 /* VersionManager.swift in Sources */ = {isa = PBXBuildFile; fileRef = 5F6FE94228C5BC2000B46B81 /* VersionManager.swift */; };
		5F6FE96528C5BF6F00B46B81 /* URLComponents.swift in Sources */ = {isa = PBXBuildFile; fileRef = 5F6FE96328C5BF6F00B46B81 /* URLComponents.swift */; };
		5F6FE96628C5BF6F00B46B81 /* URLRequest+Service.swift in Sources */ = {isa = PBXBuildFile; fileRef = 5F6FE96428C5BF6F00B46B81 /* URLRequest+Service.swift */; };
		5F6FE96828C5C18D00B46B81 /* TableCellItems.swift in Sources */ = {isa = PBXBuildFile; fileRef = 5F6FE96728C5C18D00B46B81 /* TableCellItems.swift */; };
		5F6FE9BD28C5C95C00B46B81 /* DemoAppTests.swift in Sources */ = {isa = PBXBuildFile; fileRef = 5F6FE9BC28C5C95C00B46B81 /* DemoAppTests.swift */; };
		5F6FE9CA28C5C96400B46B81 /* DemoAppUITests.swift in Sources */ = {isa = PBXBuildFile; fileRef = 5F6FE9C928C5C96400B46B81 /* DemoAppUITests.swift */; };
		5F6FE9CC28C5C96400B46B81 /* DemoAppUITestsLaunchTests.swift in Sources */ = {isa = PBXBuildFile; fileRef = 5F6FE9CB28C5C96400B46B81 /* DemoAppUITestsLaunchTests.swift */; };
		5F6FE9D228C5C96E00B46B81 /* WelcomeScreenTest.swift in Sources */ = {isa = PBXBuildFile; fileRef = 5F6FE9AC28C5C61C00B46B81 /* WelcomeScreenTest.swift */; };
		5FB95CC828D3212D006A3E6B /* Bond in Frameworks */ = {isa = PBXBuildFile; productRef = 5FB95CC728D3212D006A3E6B /* Bond */; };
		5FB95CCD28D322A8006A3E6B /* SwiftKeychainWrapper in Frameworks */ = {isa = PBXBuildFile; productRef = 5FB95CCC28D322A8006A3E6B /* SwiftKeychainWrapper */; };
		5FB95CD428D3233E006A3E6B /* UserProfile.swift in Sources */ = {isa = PBXBuildFile; fileRef = 5FB95CD128D3233E006A3E6B /* UserProfile.swift */; };
		5FB95CD528D3233E006A3E6B /* PersistenceController.swift in Sources */ = {isa = PBXBuildFile; fileRef = 5FB95CD228D3233E006A3E6B /* PersistenceController.swift */; };
		5FB95CD828D323E2006A3E6B /* Realm in Frameworks */ = {isa = PBXBuildFile; productRef = 5FB95CD728D323E2006A3E6B /* Realm */; };
		5FB95CDA28D323E2006A3E6B /* RealmSwift in Frameworks */ = {isa = PBXBuildFile; productRef = 5FB95CD928D323E2006A3E6B /* RealmSwift */; };
		5FB95CDC28D32415006A3E6B /* UIDevice+Info.swift in Sources */ = {isa = PBXBuildFile; fileRef = 5FB95CDB28D32415006A3E6B /* UIDevice+Info.swift */; };
		5FB95CDF28D32520006A3E6B /* CustomTextField.swift in Sources */ = {isa = PBXBuildFile; fileRef = 5FB95CDD28D32520006A3E6B /* CustomTextField.swift */; };
		5FB95CE028D32520006A3E6B /* CustomButton.swift in Sources */ = {isa = PBXBuildFile; fileRef = 5FB95CDE28D32520006A3E6B /* CustomButton.swift */; };
		5FCF5B0A28DE077C005E238D /* LoginTest.swift in Sources */ = {isa = PBXBuildFile; fileRef = 5FCF5B0928DE077C005E238D /* LoginTest.swift */; };
		5FCF5B0C28DE07B3005E238D /* UserListTest.swift in Sources */ = {isa = PBXBuildFile; fileRef = 5FCF5B0B28DE07B3005E238D /* UserListTest.swift */; };
		5FCF5B0E28DE0938005E238D /* GetListOfCountriesService.swift in Sources */ = {isa = PBXBuildFile; fileRef = 5FCF5B0D28DE0938005E238D /* GetListOfCountriesService.swift */; };
		5FCF5B1328DE096D005E238D /* LocationManager.swift in Sources */ = {isa = PBXBuildFile; fileRef = 5FCF5B1028DE096D005E238D /* LocationManager.swift */; };
		5FCF5B1428DE096D005E238D /* spinner.json in Resources */ = {isa = PBXBuildFile; fileRef = 5FCF5B1228DE096D005E238D /* spinner.json */; };
		5FCF5B1628DE097C005E238D /* AnimationView.swift in Sources */ = {isa = PBXBuildFile; fileRef = 5FCF5B1528DE097C005E238D /* AnimationView.swift */; };
		5FCF5B1928DE0991005E238D /* Lottie in Frameworks */ = {isa = PBXBuildFile; productRef = 5FCF5B1828DE0991005E238D /* Lottie */; };
		5FCF5BDD28DE0AE8005E238D /* WelcomeDataSource.swift in Sources */ = {isa = PBXBuildFile; fileRef = 5FCF5B2728DE0AE8005E238D /* WelcomeDataSource.swift */; };
		5FCF5BDE28DE0AE8005E238D /* WelcomeViewController.storyboard in Resources */ = {isa = PBXBuildFile; fileRef = 5FCF5B2828DE0AE8005E238D /* WelcomeViewController.storyboard */; };
		5FCF5BE028DE0AE8005E238D /* WelcomeBuilder.swift in Sources */ = {isa = PBXBuildFile; fileRef = 5FCF5B2A28DE0AE8005E238D /* WelcomeBuilder.swift */; };
		5FCF5BE828DE0AE8005E238D /* WelcomeViewModel.swift in Sources */ = {isa = PBXBuildFile; fileRef = 5FCF5B3228DE0AE8005E238D /* WelcomeViewModel.swift */; };
		5FCF5BEC28DE0AE8005E238D /* WelcomeRouter.swift in Sources */ = {isa = PBXBuildFile; fileRef = 5FCF5B3628DE0AE8005E238D /* WelcomeRouter.swift */; };
		5FCF5BF128DE0AE8005E238D /* UserListViewController.storyboard in Resources */ = {isa = PBXBuildFile; fileRef = 5FCF5B3D28DE0AE8005E238D /* UserListViewController.storyboard */; };
		5FCF5BF728DE0AE8005E238D /* UserListCellViewModel.swift in Sources */ = {isa = PBXBuildFile; fileRef = 5FCF5B4428DE0AE8005E238D /* UserListCellViewModel.swift */; };
		5FCF5BFB28DE0AE8005E238D /* UserListCell.swift in Sources */ = {isa = PBXBuildFile; fileRef = 5FCF5B4828DE0AE8005E238D /* UserListCell.swift */; };
		5FCF5BFF28DE0AE8005E238D /* UserListCellDataSource.swift in Sources */ = {isa = PBXBuildFile; fileRef = 5FCF5B4C28DE0AE8005E238D /* UserListCellDataSource.swift */; };
		5FCF5C0628DE0AE8005E238D /* UserListViewModel.swift in Sources */ = {isa = PBXBuildFile; fileRef = 5FCF5B5328DE0AE8005E238D /* UserListViewModel.swift */; };
		5FCF5C0728DE0AE8005E238D /* UserListDataSource.swift in Sources */ = {isa = PBXBuildFile; fileRef = 5FCF5B5428DE0AE8005E238D /* UserListDataSource.swift */; };
		5FCF5C0828DE0AE8005E238D /* UserListRouter.swift in Sources */ = {isa = PBXBuildFile; fileRef = 5FCF5B5528DE0AE8005E238D /* UserListRouter.swift */; };
		5FCF5C0B28DE0AE8005E238D /* UserListBuilder.swift in Sources */ = {isa = PBXBuildFile; fileRef = 5FCF5B5828DE0AE8005E238D /* UserListBuilder.swift */; };
		5FCF5C1628DE0AE8005E238D /* UserListViewController.swift in Sources */ = {isa = PBXBuildFile; fileRef = 5FCF5B6328DE0AE8005E238D /* UserListViewController.swift */; };
		5FCF5C1E28DE0AE8005E238D /* UserDetailViewController.storyboard in Resources */ = {isa = PBXBuildFile; fileRef = 5FCF5B6C28DE0AE8005E238D /* UserDetailViewController.storyboard */; };
		5FCF5C2028DE0AE8005E238D /* UserDetailDataSource.swift in Sources */ = {isa = PBXBuildFile; fileRef = 5FCF5B6E28DE0AE8005E238D /* UserDetailDataSource.swift */; };
		5FCF5C2428DE0AE8005E238D /* UserDetailViewModel.swift in Sources */ = {isa = PBXBuildFile; fileRef = 5FCF5B7228DE0AE8005E238D /* UserDetailViewModel.swift */; };
		5FCF5C2A28DE0AE9005E238D /* UserDetailRouter.swift in Sources */ = {isa = PBXBuildFile; fileRef = 5FCF5B7828DE0AE8005E238D /* UserDetailRouter.swift */; };
		5FCF5C3228DE0AE9005E238D /* UserDetailViewController.swift in Sources */ = {isa = PBXBuildFile; fileRef = 5FCF5B8028DE0AE8005E238D /* UserDetailViewController.swift */; };
		5FCF5C3628DE0AE9005E238D /* UserDetailBuilder.swift in Sources */ = {isa = PBXBuildFile; fileRef = 5FCF5B8428DE0AE8005E238D /* UserDetailBuilder.swift */; };
		5FCF5C3B28DE0AE9005E238D /* UserLocationDataSource.swift in Sources */ = {isa = PBXBuildFile; fileRef = 5FCF5B8A28DE0AE8005E238D /* UserLocationDataSource.swift */; };
		5FCF5C4228DE0AE9005E238D /* UserLocationRouter.swift in Sources */ = {isa = PBXBuildFile; fileRef = 5FCF5B9128DE0AE8005E238D /* UserLocationRouter.swift */; };
		5FCF5C4728DE0AE9005E238D /* UserLocationBuilder.swift in Sources */ = {isa = PBXBuildFile; fileRef = 5FCF5B9628DE0AE8005E238D /* UserLocationBuilder.swift */; };
		5FCF5C4C28DE0AE9005E238D /* UserLocationViewController.storyboard in Resources */ = {isa = PBXBuildFile; fileRef = 5FCF5B9B28DE0AE8005E238D /* UserLocationViewController.storyboard */; };
		5FCF5C5028DE0AE9005E238D /* UserLocationViewModel.swift in Sources */ = {isa = PBXBuildFile; fileRef = 5FCF5B9F28DE0AE8005E238D /* UserLocationViewModel.swift */; };
		5FCF5C5828DE0AE9005E238D /* UserLocationViewController.swift in Sources */ = {isa = PBXBuildFile; fileRef = 5FCF5BA728DE0AE8005E238D /* UserLocationViewController.swift */; };
		5FCF5C5928DE0AE9005E238D /* CountryListDataSource.swift in Sources */ = {isa = PBXBuildFile; fileRef = 5FCF5BA928DE0AE8005E238D /* CountryListDataSource.swift */; };
		5FCF5C5A28DE0AE9005E238D /* CountryListBuilder.swift in Sources */ = {isa = PBXBuildFile; fileRef = 5FCF5BAA28DE0AE8005E238D /* CountryListBuilder.swift */; };
		5FCF5C5B28DE0AE9005E238D /* CountryListViewModel.swift in Sources */ = {isa = PBXBuildFile; fileRef = 5FCF5BAB28DE0AE8005E238D /* CountryListViewModel.swift */; };
		5FCF5C5C28DE0AE9005E238D /* CountryListViewController.storyboard in Resources */ = {isa = PBXBuildFile; fileRef = 5FCF5BAC28DE0AE8005E238D /* CountryListViewController.storyboard */; };
		5FCF5C5D28DE0AE9005E238D /* CountryListViewController.swift in Sources */ = {isa = PBXBuildFile; fileRef = 5FCF5BAD28DE0AE8005E238D /* CountryListViewController.swift */; };
		5FCF5C5E28DE0AE9005E238D /* CountryListRouter.swift in Sources */ = {isa = PBXBuildFile; fileRef = 5FCF5BAE28DE0AE8005E238D /* CountryListRouter.swift */; };
		5FCF5C5F28DE0AE9005E238D /* CountryListCellViewModel.swift in Sources */ = {isa = PBXBuildFile; fileRef = 5FCF5BB028DE0AE8005E238D /* CountryListCellViewModel.swift */; };
		5FCF5C6028DE0AE9005E238D /* CountryListCell.swift in Sources */ = {isa = PBXBuildFile; fileRef = 5FCF5BB128DE0AE8005E238D /* CountryListCell.swift */; };
		5FCF5C6128DE0AE9005E238D /* CountryListCellDataSource.swift in Sources */ = {isa = PBXBuildFile; fileRef = 5FCF5BB228DE0AE8005E238D /* CountryListCellDataSource.swift */; };
		5FCF5C6628DE0AE9005E238D /* LoginViewModel.swift in Sources */ = {isa = PBXBuildFile; fileRef = 5FCF5BB828DE0AE8005E238D /* LoginViewModel.swift */; };
		5FCF5C7128DE0AE9005E238D /* LoginDataSource.swift in Sources */ = {isa = PBXBuildFile; fileRef = 5FCF5BC328DE0AE8005E238D /* LoginDataSource.swift */; };
		5FCF5C7628DE0AE9005E238D /* LoginViewController.swift in Sources */ = {isa = PBXBuildFile; fileRef = 5FCF5BC828DE0AE8005E238D /* LoginViewController.swift */; };
		5FCF5C7B28DE0AE9005E238D /* LoginBuilder.swift in Sources */ = {isa = PBXBuildFile; fileRef = 5FCF5BCD28DE0AE8005E238D /* LoginBuilder.swift */; };
		5FCF5C7E28DE0AE9005E238D /* LoginRouter.swift in Sources */ = {isa = PBXBuildFile; fileRef = 5FCF5BD028DE0AE8005E238D /* LoginRouter.swift */; };
		5FCF5C7F28DE0AE9005E238D /* LoginViewController.storyboard in Resources */ = {isa = PBXBuildFile; fileRef = 5FCF5BD128DE0AE8005E238D /* LoginViewController.storyboard */; };
		5FCF5C8128DE0B21005E238D /* WelcomeViewController.swift in Sources */ = {isa = PBXBuildFile; fileRef = 5FCF5C8028DE0B21005E238D /* WelcomeViewController.swift */; };
		5FD9A8BA28DC3A3900BA0937 /* BoldLabel.swift in Sources */ = {isa = PBXBuildFile; fileRef = 5FD9A8B728DC3A3800BA0937 /* BoldLabel.swift */; };
		5FD9A8BB28DC3A3900BA0937 /* RegularLabel.swift in Sources */ = {isa = PBXBuildFile; fileRef = 5FD9A8B828DC3A3900BA0937 /* RegularLabel.swift */; };
		5FD9A8BC28DC3A3900BA0937 /* MediumLabel.swift in Sources */ = {isa = PBXBuildFile; fileRef = 5FD9A8B928DC3A3900BA0937 /* MediumLabel.swift */; };
		5FD9A8BE28DC3EB000BA0937 /* String+Types.swift in Sources */ = {isa = PBXBuildFile; fileRef = 5FD9A8BD28DC3EB000BA0937 /* String+Types.swift */; };
		5FD9A8C728DC3F2100BA0937 /* AlertViewModel.swift in Sources */ = {isa = PBXBuildFile; fileRef = 5FD9A8C028DC3F2100BA0937 /* AlertViewModel.swift */; };
		5FD9A8C828DC3F2100BA0937 /* AlertView.xib in Resources */ = {isa = PBXBuildFile; fileRef = 5FD9A8C128DC3F2100BA0937 /* AlertView.xib */; };
		5FD9A8C928DC3F2100BA0937 /* AlertView.swift in Sources */ = {isa = PBXBuildFile; fileRef = 5FD9A8C228DC3F2100BA0937 /* AlertView.swift */; };
		5FD9A8CA28DC3F2100BA0937 /* ErrorAlertViewModel.swift in Sources */ = {isa = PBXBuildFile; fileRef = 5FD9A8C428DC3F2100BA0937 /* ErrorAlertViewModel.swift */; };
		5FD9A8CB28DC3F2100BA0937 /* ErrorAlertView.xib in Resources */ = {isa = PBXBuildFile; fileRef = 5FD9A8C528DC3F2100BA0937 /* ErrorAlertView.xib */; };
		5FD9A8CC28DC3F2100BA0937 /* ErrorAlertView.swift in Sources */ = {isa = PBXBuildFile; fileRef = 5FD9A8C628DC3F2100BA0937 /* ErrorAlertView.swift */; };
		5FD9A8CE28DC444400BA0937 /* BiometricManager.swift in Sources */ = {isa = PBXBuildFile; fileRef = 5FD9A8CD28DC444400BA0937 /* BiometricManager.swift */; };
		5FE5F7BA28DD815700CE3339 /* GetUserListService.swift in Sources */ = {isa = PBXBuildFile; fileRef = 5FE5F7B928DD815700CE3339 /* GetUserListService.swift */; };
/* End PBXBuildFile section */

/* Begin PBXContainerItemProxy section */
		5F6FE9BE28C5C95C00B46B81 /* PBXContainerItemProxy */ = {
			isa = PBXContainerItemProxy;
			containerPortal = 5F6FE82E28C5B60F00B46B81 /* Project object */;
			proxyType = 1;
			remoteGlobalIDString = 5F6FE83528C5B60F00B46B81;
			remoteInfo = DemoApp;
		};
		5F6FE9CD28C5C96400B46B81 /* PBXContainerItemProxy */ = {
			isa = PBXContainerItemProxy;
			containerPortal = 5F6FE82E28C5B60F00B46B81 /* Project object */;
			proxyType = 1;
			remoteGlobalIDString = 5F6FE83528C5B60F00B46B81;
			remoteInfo = DemoApp;
		};
/* End PBXContainerItemProxy section */

/* Begin PBXFileReference section */
		5F6FE83628C5B60F00B46B81 /* Karoooo.app */ = {isa = PBXFileReference; explicitFileType = wrapper.application; includeInIndex = 0; path = Karoooo.app; sourceTree = BUILT_PRODUCTS_DIR; };
		5F6FE84228C5B61000B46B81 /* Assets.xcassets */ = {isa = PBXFileReference; lastKnownFileType = folder.assetcatalog; path = Assets.xcassets; sourceTree = "<group>"; };
		5F6FE84528C5B61000B46B81 /* Base */ = {isa = PBXFileReference; lastKnownFileType = file.storyboard; name = Base; path = Base.lproj/LaunchScreen.storyboard; sourceTree = "<group>"; };
		5F6FE84728C5B61000B46B81 /* Info.plist */ = {isa = PBXFileReference; lastKnownFileType = text.plist.xml; path = Info.plist; sourceTree = "<group>"; };
		5F6FE85428C5B6A400B46B81 /* ApplicationNavigator.swift */ = {isa = PBXFileReference; fileEncoding = 4; lastKnownFileType = sourcecode.swift; path = ApplicationNavigator.swift; sourceTree = "<group>"; };
		5F6FE85528C5B6A400B46B81 /* ApplicationCoordinator.swift */ = {isa = PBXFileReference; fileEncoding = 4; lastKnownFileType = sourcecode.swift; path = ApplicationCoordinator.swift; sourceTree = "<group>"; };
		5F6FE85628C5B6A400B46B81 /* AppDelegate.swift */ = {isa = PBXFileReference; fileEncoding = 4; lastKnownFileType = sourcecode.swift; path = AppDelegate.swift; sourceTree = "<group>"; };
		5F6FE85728C5B6A400B46B81 /* NavigationController.swift */ = {isa = PBXFileReference; fileEncoding = 4; lastKnownFileType = sourcecode.swift; path = NavigationController.swift; sourceTree = "<group>"; };
		5F6FE85D28C5B7E300B46B81 /* Context.swift */ = {isa = PBXFileReference; fileEncoding = 4; lastKnownFileType = sourcecode.swift; path = Context.swift; sourceTree = "<group>"; };
		5F6FE85F28C5B7E300B46B81 /* ViewController.swift */ = {isa = PBXFileReference; fileEncoding = 4; lastKnownFileType = sourcecode.swift; path = ViewController.swift; sourceTree = "<group>"; };
		5F6FE86028C5B7E300B46B81 /* ViewModel.swift */ = {isa = PBXFileReference; fileEncoding = 4; lastKnownFileType = sourcecode.swift; path = ViewModel.swift; sourceTree = "<group>"; };
		5F6FE86128C5B7E300B46B81 /* Builder.swift */ = {isa = PBXFileReference; fileEncoding = 4; lastKnownFileType = sourcecode.swift; path = Builder.swift; sourceTree = "<group>"; };
		5F6FE86228C5B7E300B46B81 /* Router.swift */ = {isa = PBXFileReference; fileEncoding = 4; lastKnownFileType = sourcecode.swift; path = Router.swift; sourceTree = "<group>"; };
		5F6FE86328C5B7E300B46B81 /* ViewModelDataSource.swift */ = {isa = PBXFileReference; fileEncoding = 4; lastKnownFileType = sourcecode.swift; path = ViewModelDataSource.swift; sourceTree = "<group>"; };
		5F6FE86428C5B7E300B46B81 /* ModuleBuilder.swift */ = {isa = PBXFileReference; fileEncoding = 4; lastKnownFileType = sourcecode.swift; path = ModuleBuilder.swift; sourceTree = "<group>"; };
		5F6FE86728C5B7E300B46B81 /* HeadersBuilder.swift */ = {isa = PBXFileReference; fileEncoding = 4; lastKnownFileType = sourcecode.swift; path = HeadersBuilder.swift; sourceTree = "<group>"; };
		5F6FE86928C5B7E300B46B81 /* ParametersEncoding.swift */ = {isa = PBXFileReference; fileEncoding = 4; lastKnownFileType = sourcecode.swift; path = ParametersEncoding.swift; sourceTree = "<group>"; };
		5F6FE86A28C5B7E300B46B81 /* NetworkResponse.swift */ = {isa = PBXFileReference; fileEncoding = 4; lastKnownFileType = sourcecode.swift; path = NetworkResponse.swift; sourceTree = "<group>"; };
		5F6FE86B28C5B7E300B46B81 /* HTTPMethod.swift */ = {isa = PBXFileReference; fileEncoding = 4; lastKnownFileType = sourcecode.swift; path = HTTPMethod.swift; sourceTree = "<group>"; };
		5F6FE86C28C5B7E300B46B81 /* TaskType.swift */ = {isa = PBXFileReference; fileEncoding = 4; lastKnownFileType = sourcecode.swift; path = TaskType.swift; sourceTree = "<group>"; };
		5F6FE86D28C5B7E300B46B81 /* NetworkError.swift */ = {isa = PBXFileReference; fileEncoding = 4; lastKnownFileType = sourcecode.swift; path = NetworkError.swift; sourceTree = "<group>"; };
		5F6FE86F28C5B7E300B46B81 /* URLSessionProvider.swift */ = {isa = PBXFileReference; fileEncoding = 4; lastKnownFileType = sourcecode.swift; path = URLSessionProvider.swift; sourceTree = "<group>"; };
		5F6FE87228C5B7E300B46B81 /* ServiceProtocol.swift */ = {isa = PBXFileReference; fileEncoding = 4; lastKnownFileType = sourcecode.swift; path = ServiceProtocol.swift; sourceTree = "<group>"; };
		5F6FE87328C5B7E300B46B81 /* URLSessionProtocol.swift */ = {isa = PBXFileReference; fileEncoding = 4; lastKnownFileType = sourcecode.swift; path = URLSessionProtocol.swift; sourceTree = "<group>"; };
		5F6FE87428C5B7E300B46B81 /* ProviderProtocol.swift */ = {isa = PBXFileReference; fileEncoding = 4; lastKnownFileType = sourcecode.swift; path = ProviderProtocol.swift; sourceTree = "<group>"; };
		5F6FE87628C5B7E300B46B81 /* Endpoints.swift */ = {isa = PBXFileReference; fileEncoding = 4; lastKnownFileType = sourcecode.swift; path = Endpoints.swift; sourceTree = "<group>"; };
		5F6FE87728C5B7E300B46B81 /* Environment.swift */ = {isa = PBXFileReference; fileEncoding = 4; lastKnownFileType = sourcecode.swift; path = Environment.swift; sourceTree = "<group>"; };
		5F6FE87C28C5B7E300B46B81 /* ResponseError.swift */ = {isa = PBXFileReference; fileEncoding = 4; lastKnownFileType = sourcecode.swift; path = ResponseError.swift; sourceTree = "<group>"; };
		5F6FE8B028C5B7E300B46B81 /* JsonNull+Class.swift */ = {isa = PBXFileReference; fileEncoding = 4; lastKnownFileType = sourcecode.swift; path = "JsonNull+Class.swift"; sourceTree = "<group>"; };
		5F6FE90428C5BA1A00B46B81 /* UserAuthenticationController.swift */ = {isa = PBXFileReference; fileEncoding = 4; lastKnownFileType = sourcecode.swift; path = UserAuthenticationController.swift; sourceTree = "<group>"; };
		5F6FE90528C5BA1A00B46B81 /* UserAuthenticationControllerObserver.swift */ = {isa = PBXFileReference; fileEncoding = 4; lastKnownFileType = sourcecode.swift; path = UserAuthenticationControllerObserver.swift; sourceTree = "<group>"; };
		5F6FE90828C5BA1A00B46B81 /* UserInformation.swift */ = {isa = PBXFileReference; fileEncoding = 4; lastKnownFileType = sourcecode.swift; path = UserInformation.swift; sourceTree = "<group>"; };
		5F6FE90928C5BA1A00B46B81 /* Account.swift */ = {isa = PBXFileReference; fileEncoding = 4; lastKnownFileType = sourcecode.swift; path = Account.swift; sourceTree = "<group>"; };
		5F6FE90A28C5BA1A00B46B81 /* UserProfileProvider.swift */ = {isa = PBXFileReference; fileEncoding = 4; lastKnownFileType = sourcecode.swift; path = UserProfileProvider.swift; sourceTree = "<group>"; };
		5F6FE90C28C5BA1A00B46B81 /* BaseViewController.swift */ = {isa = PBXFileReference; fileEncoding = 4; lastKnownFileType = sourcecode.swift; path = BaseViewController.swift; sourceTree = "<group>"; };
		5F6FE92828C5BC2000B46B81 /* RefreshControl.swift */ = {isa = PBXFileReference; fileEncoding = 4; lastKnownFileType = sourcecode.swift; path = RefreshControl.swift; sourceTree = "<group>"; };
		5F6FE92928C5BC2000B46B81 /* UIColorExtension.swift */ = {isa = PBXFileReference; fileEncoding = 4; lastKnownFileType = sourcecode.swift; path = UIColorExtension.swift; sourceTree = "<group>"; };
		5F6FE92B28C5BC2000B46B81 /* UIView+Autolayout.swift */ = {isa = PBXFileReference; fileEncoding = 4; lastKnownFileType = sourcecode.swift; path = "UIView+Autolayout.swift"; sourceTree = "<group>"; };
		5F6FE92C28C5BC2000B46B81 /* NibView.swift */ = {isa = PBXFileReference; fileEncoding = 4; lastKnownFileType = sourcecode.swift; path = NibView.swift; sourceTree = "<group>"; };
		5F6FE93028C5BC2000B46B81 /* UIBarButtonItem+Back.swift */ = {isa = PBXFileReference; fileEncoding = 4; lastKnownFileType = sourcecode.swift; path = "UIBarButtonItem+Back.swift"; sourceTree = "<group>"; };
		5F6FE93728C5BC2000B46B81 /* TitleLabel.swift */ = {isa = PBXFileReference; fileEncoding = 4; lastKnownFileType = sourcecode.swift; path = TitleLabel.swift; sourceTree = "<group>"; };
		5F6FE93828C5BC2000B46B81 /* ReusableCell.swift */ = {isa = PBXFileReference; fileEncoding = 4; lastKnownFileType = sourcecode.swift; path = ReusableCell.swift; sourceTree = "<group>"; };
		5F6FE93928C5BC2000B46B81 /* KeyboardHelper.swift */ = {isa = PBXFileReference; fileEncoding = 4; lastKnownFileType = sourcecode.swift; path = KeyboardHelper.swift; sourceTree = "<group>"; };
		5F6FE93A28C5BC2000B46B81 /* KeychainHelper.swift */ = {isa = PBXFileReference; fileEncoding = 4; lastKnownFileType = sourcecode.swift; path = KeychainHelper.swift; sourceTree = "<group>"; };
		5F6FE93B28C5BC2000B46B81 /* KeychainManager.swift */ = {isa = PBXFileReference; fileEncoding = 4; lastKnownFileType = sourcecode.swift; path = KeychainManager.swift; sourceTree = "<group>"; };
		5F6FE93D28C5BC2000B46B81 /* KeyValueStorage.swift */ = {isa = PBXFileReference; fileEncoding = 4; lastKnownFileType = sourcecode.swift; path = KeyValueStorage.swift; sourceTree = "<group>"; };
		5F6FE94228C5BC2000B46B81 /* VersionManager.swift */ = {isa = PBXFileReference; fileEncoding = 4; lastKnownFileType = sourcecode.swift; path = VersionManager.swift; sourceTree = "<group>"; };
		5F6FE96328C5BF6F00B46B81 /* URLComponents.swift */ = {isa = PBXFileReference; fileEncoding = 4; lastKnownFileType = sourcecode.swift; path = URLComponents.swift; sourceTree = "<group>"; };
		5F6FE96428C5BF6F00B46B81 /* URLRequest+Service.swift */ = {isa = PBXFileReference; fileEncoding = 4; lastKnownFileType = sourcecode.swift; path = "URLRequest+Service.swift"; sourceTree = "<group>"; };
		5F6FE96728C5C18D00B46B81 /* TableCellItems.swift */ = {isa = PBXFileReference; lastKnownFileType = sourcecode.swift; path = TableCellItems.swift; sourceTree = "<group>"; };
		5F6FE9AC28C5C61C00B46B81 /* WelcomeScreenTest.swift */ = {isa = PBXFileReference; lastKnownFileType = sourcecode.swift; path = WelcomeScreenTest.swift; sourceTree = "<group>"; };
		5F6FE9BA28C5C95C00B46B81 /* KarooooTests.xctest */ = {isa = PBXFileReference; explicitFileType = wrapper.cfbundle; includeInIndex = 0; path = KarooooTests.xctest; sourceTree = BUILT_PRODUCTS_DIR; };
		5F6FE9BC28C5C95C00B46B81 /* DemoAppTests.swift */ = {isa = PBXFileReference; lastKnownFileType = sourcecode.swift; path = DemoAppTests.swift; sourceTree = "<group>"; };
		5F6FE9C728C5C96400B46B81 /* KarooooUITests.xctest */ = {isa = PBXFileReference; explicitFileType = wrapper.cfbundle; includeInIndex = 0; path = KarooooUITests.xctest; sourceTree = BUILT_PRODUCTS_DIR; };
		5F6FE9C928C5C96400B46B81 /* DemoAppUITests.swift */ = {isa = PBXFileReference; lastKnownFileType = sourcecode.swift; path = DemoAppUITests.swift; sourceTree = "<group>"; };
		5F6FE9CB28C5C96400B46B81 /* DemoAppUITestsLaunchTests.swift */ = {isa = PBXFileReference; lastKnownFileType = sourcecode.swift; path = DemoAppUITestsLaunchTests.swift; sourceTree = "<group>"; };
		5FB95CD128D3233E006A3E6B /* UserProfile.swift */ = {isa = PBXFileReference; fileEncoding = 4; lastKnownFileType = sourcecode.swift; path = UserProfile.swift; sourceTree = "<group>"; };
		5FB95CD228D3233E006A3E6B /* PersistenceController.swift */ = {isa = PBXFileReference; fileEncoding = 4; lastKnownFileType = sourcecode.swift; path = PersistenceController.swift; sourceTree = "<group>"; };
		5FB95CDB28D32415006A3E6B /* UIDevice+Info.swift */ = {isa = PBXFileReference; lastKnownFileType = sourcecode.swift; path = "UIDevice+Info.swift"; sourceTree = "<group>"; };
		5FB95CDD28D32520006A3E6B /* CustomTextField.swift */ = {isa = PBXFileReference; fileEncoding = 4; lastKnownFileType = sourcecode.swift; path = CustomTextField.swift; sourceTree = "<group>"; };
		5FB95CDE28D32520006A3E6B /* CustomButton.swift */ = {isa = PBXFileReference; fileEncoding = 4; lastKnownFileType = sourcecode.swift; path = CustomButton.swift; sourceTree = "<group>"; };
		5FCF5B0928DE077C005E238D /* LoginTest.swift */ = {isa = PBXFileReference; lastKnownFileType = sourcecode.swift; path = LoginTest.swift; sourceTree = "<group>"; };
		5FCF5B0B28DE07B3005E238D /* UserListTest.swift */ = {isa = PBXFileReference; lastKnownFileType = sourcecode.swift; path = UserListTest.swift; sourceTree = "<group>"; };
		5FCF5B0D28DE0938005E238D /* GetListOfCountriesService.swift */ = {isa = PBXFileReference; lastKnownFileType = sourcecode.swift; path = GetListOfCountriesService.swift; sourceTree = "<group>"; };
		5FCF5B1028DE096D005E238D /* LocationManager.swift */ = {isa = PBXFileReference; fileEncoding = 4; lastKnownFileType = sourcecode.swift; path = LocationManager.swift; sourceTree = "<group>"; };
		5FCF5B1228DE096D005E238D /* spinner.json */ = {isa = PBXFileReference; fileEncoding = 4; lastKnownFileType = text.json; path = spinner.json; sourceTree = "<group>"; };
		5FCF5B1528DE097C005E238D /* AnimationView.swift */ = {isa = PBXFileReference; fileEncoding = 4; lastKnownFileType = sourcecode.swift; path = AnimationView.swift; sourceTree = "<group>"; };
		5FCF5B2728DE0AE8005E238D /* WelcomeDataSource.swift */ = {isa = PBXFileReference; fileEncoding = 4; lastKnownFileType = sourcecode.swift; path = WelcomeDataSource.swift; sourceTree = "<group>"; };
		5FCF5B2828DE0AE8005E238D /* WelcomeViewController.storyboard */ = {isa = PBXFileReference; fileEncoding = 4; lastKnownFileType = file.storyboard; path = WelcomeViewController.storyboard; sourceTree = "<group>"; };
		5FCF5B2A28DE0AE8005E238D /* WelcomeBuilder.swift */ = {isa = PBXFileReference; fileEncoding = 4; lastKnownFileType = sourcecode.swift; path = WelcomeBuilder.swift; sourceTree = "<group>"; };
		5FCF5B3228DE0AE8005E238D /* WelcomeViewModel.swift */ = {isa = PBXFileReference; fileEncoding = 4; lastKnownFileType = sourcecode.swift; path = WelcomeViewModel.swift; sourceTree = "<group>"; };
		5FCF5B3628DE0AE8005E238D /* WelcomeRouter.swift */ = {isa = PBXFileReference; fileEncoding = 4; lastKnownFileType = sourcecode.swift; path = WelcomeRouter.swift; sourceTree = "<group>"; };
		5FCF5B3D28DE0AE8005E238D /* UserListViewController.storyboard */ = {isa = PBXFileReference; fileEncoding = 4; lastKnownFileType = file.storyboard; path = UserListViewController.storyboard; sourceTree = "<group>"; };
		5FCF5B4428DE0AE8005E238D /* UserListCellViewModel.swift */ = {isa = PBXFileReference; fileEncoding = 4; lastKnownFileType = sourcecode.swift; path = UserListCellViewModel.swift; sourceTree = "<group>"; };
		5FCF5B4828DE0AE8005E238D /* UserListCell.swift */ = {isa = PBXFileReference; fileEncoding = 4; lastKnownFileType = sourcecode.swift; path = UserListCell.swift; sourceTree = "<group>"; };
		5FCF5B4C28DE0AE8005E238D /* UserListCellDataSource.swift */ = {isa = PBXFileReference; fileEncoding = 4; lastKnownFileType = sourcecode.swift; path = UserListCellDataSource.swift; sourceTree = "<group>"; };
		5FCF5B5328DE0AE8005E238D /* UserListViewModel.swift */ = {isa = PBXFileReference; fileEncoding = 4; lastKnownFileType = sourcecode.swift; path = UserListViewModel.swift; sourceTree = "<group>"; };
		5FCF5B5428DE0AE8005E238D /* UserListDataSource.swift */ = {isa = PBXFileReference; fileEncoding = 4; lastKnownFileType = sourcecode.swift; path = UserListDataSource.swift; sourceTree = "<group>"; };
		5FCF5B5528DE0AE8005E238D /* UserListRouter.swift */ = {isa = PBXFileReference; fileEncoding = 4; lastKnownFileType = sourcecode.swift; path = UserListRouter.swift; sourceTree = "<group>"; };
		5FCF5B5828DE0AE8005E238D /* UserListBuilder.swift */ = {isa = PBXFileReference; fileEncoding = 4; lastKnownFileType = sourcecode.swift; path = UserListBuilder.swift; sourceTree = "<group>"; };
		5FCF5B6328DE0AE8005E238D /* UserListViewController.swift */ = {isa = PBXFileReference; fileEncoding = 4; lastKnownFileType = sourcecode.swift; path = UserListViewController.swift; sourceTree = "<group>"; };
		5FCF5B6C28DE0AE8005E238D /* UserDetailViewController.storyboard */ = {isa = PBXFileReference; fileEncoding = 4; lastKnownFileType = file.storyboard; path = UserDetailViewController.storyboard; sourceTree = "<group>"; };
		5FCF5B6E28DE0AE8005E238D /* UserDetailDataSource.swift */ = {isa = PBXFileReference; fileEncoding = 4; lastKnownFileType = sourcecode.swift; path = UserDetailDataSource.swift; sourceTree = "<group>"; };
		5FCF5B7228DE0AE8005E238D /* UserDetailViewModel.swift */ = {isa = PBXFileReference; fileEncoding = 4; lastKnownFileType = sourcecode.swift; path = UserDetailViewModel.swift; sourceTree = "<group>"; };
		5FCF5B7828DE0AE8005E238D /* UserDetailRouter.swift */ = {isa = PBXFileReference; fileEncoding = 4; lastKnownFileType = sourcecode.swift; path = UserDetailRouter.swift; sourceTree = "<group>"; };
		5FCF5B8028DE0AE8005E238D /* UserDetailViewController.swift */ = {isa = PBXFileReference; fileEncoding = 4; lastKnownFileType = sourcecode.swift; path = UserDetailViewController.swift; sourceTree = "<group>"; };
		5FCF5B8428DE0AE8005E238D /* UserDetailBuilder.swift */ = {isa = PBXFileReference; fileEncoding = 4; lastKnownFileType = sourcecode.swift; path = UserDetailBuilder.swift; sourceTree = "<group>"; };
		5FCF5B8A28DE0AE8005E238D /* UserLocationDataSource.swift */ = {isa = PBXFileReference; fileEncoding = 4; lastKnownFileType = sourcecode.swift; path = UserLocationDataSource.swift; sourceTree = "<group>"; };
		5FCF5B9128DE0AE8005E238D /* UserLocationRouter.swift */ = {isa = PBXFileReference; fileEncoding = 4; lastKnownFileType = sourcecode.swift; path = UserLocationRouter.swift; sourceTree = "<group>"; };
		5FCF5B9628DE0AE8005E238D /* UserLocationBuilder.swift */ = {isa = PBXFileReference; fileEncoding = 4; lastKnownFileType = sourcecode.swift; path = UserLocationBuilder.swift; sourceTree = "<group>"; };
		5FCF5B9B28DE0AE8005E238D /* UserLocationViewController.storyboard */ = {isa = PBXFileReference; fileEncoding = 4; lastKnownFileType = file.storyboard; path = UserLocationViewController.storyboard; sourceTree = "<group>"; };
		5FCF5B9F28DE0AE8005E238D /* UserLocationViewModel.swift */ = {isa = PBXFileReference; fileEncoding = 4; lastKnownFileType = sourcecode.swift; path = UserLocationViewModel.swift; sourceTree = "<group>"; };
		5FCF5BA728DE0AE8005E238D /* UserLocationViewController.swift */ = {isa = PBXFileReference; fileEncoding = 4; lastKnownFileType = sourcecode.swift; path = UserLocationViewController.swift; sourceTree = "<group>"; };
		5FCF5BA928DE0AE8005E238D /* CountryListDataSource.swift */ = {isa = PBXFileReference; fileEncoding = 4; lastKnownFileType = sourcecode.swift; path = CountryListDataSource.swift; sourceTree = "<group>"; };
		5FCF5BAA28DE0AE8005E238D /* CountryListBuilder.swift */ = {isa = PBXFileReference; fileEncoding = 4; lastKnownFileType = sourcecode.swift; path = CountryListBuilder.swift; sourceTree = "<group>"; };
		5FCF5BAB28DE0AE8005E238D /* CountryListViewModel.swift */ = {isa = PBXFileReference; fileEncoding = 4; lastKnownFileType = sourcecode.swift; path = CountryListViewModel.swift; sourceTree = "<group>"; };
		5FCF5BAC28DE0AE8005E238D /* CountryListViewController.storyboard */ = {isa = PBXFileReference; fileEncoding = 4; lastKnownFileType = file.storyboard; path = CountryListViewController.storyboard; sourceTree = "<group>"; };
		5FCF5BAD28DE0AE8005E238D /* CountryListViewController.swift */ = {isa = PBXFileReference; fileEncoding = 4; lastKnownFileType = sourcecode.swift; path = CountryListViewController.swift; sourceTree = "<group>"; };
		5FCF5BAE28DE0AE8005E238D /* CountryListRouter.swift */ = {isa = PBXFileReference; fileEncoding = 4; lastKnownFileType = sourcecode.swift; path = CountryListRouter.swift; sourceTree = "<group>"; };
		5FCF5BB028DE0AE8005E238D /* CountryListCellViewModel.swift */ = {isa = PBXFileReference; fileEncoding = 4; lastKnownFileType = sourcecode.swift; path = CountryListCellViewModel.swift; sourceTree = "<group>"; };
		5FCF5BB128DE0AE8005E238D /* CountryListCell.swift */ = {isa = PBXFileReference; fileEncoding = 4; lastKnownFileType = sourcecode.swift; path = CountryListCell.swift; sourceTree = "<group>"; };
		5FCF5BB228DE0AE8005E238D /* CountryListCellDataSource.swift */ = {isa = PBXFileReference; fileEncoding = 4; lastKnownFileType = sourcecode.swift; path = CountryListCellDataSource.swift; sourceTree = "<group>"; };
		5FCF5BB828DE0AE8005E238D /* LoginViewModel.swift */ = {isa = PBXFileReference; fileEncoding = 4; lastKnownFileType = sourcecode.swift; path = LoginViewModel.swift; sourceTree = "<group>"; };
		5FCF5BC328DE0AE8005E238D /* LoginDataSource.swift */ = {isa = PBXFileReference; fileEncoding = 4; lastKnownFileType = sourcecode.swift; path = LoginDataSource.swift; sourceTree = "<group>"; };
		5FCF5BC828DE0AE8005E238D /* LoginViewController.swift */ = {isa = PBXFileReference; fileEncoding = 4; lastKnownFileType = sourcecode.swift; path = LoginViewController.swift; sourceTree = "<group>"; };
		5FCF5BCD28DE0AE8005E238D /* LoginBuilder.swift */ = {isa = PBXFileReference; fileEncoding = 4; lastKnownFileType = sourcecode.swift; path = LoginBuilder.swift; sourceTree = "<group>"; };
		5FCF5BD028DE0AE8005E238D /* LoginRouter.swift */ = {isa = PBXFileReference; fileEncoding = 4; lastKnownFileType = sourcecode.swift; path = LoginRouter.swift; sourceTree = "<group>"; };
		5FCF5BD128DE0AE8005E238D /* LoginViewController.storyboard */ = {isa = PBXFileReference; fileEncoding = 4; lastKnownFileType = file.storyboard; path = LoginViewController.storyboard; sourceTree = "<group>"; };
		5FCF5C8028DE0B21005E238D /* WelcomeViewController.swift */ = {isa = PBXFileReference; fileEncoding = 4; lastKnownFileType = sourcecode.swift; path = WelcomeViewController.swift; sourceTree = "<group>"; };
		5FD9A8B728DC3A3800BA0937 /* BoldLabel.swift */ = {isa = PBXFileReference; fileEncoding = 4; lastKnownFileType = sourcecode.swift; path = BoldLabel.swift; sourceTree = "<group>"; };
		5FD9A8B828DC3A3900BA0937 /* RegularLabel.swift */ = {isa = PBXFileReference; fileEncoding = 4; lastKnownFileType = sourcecode.swift; path = RegularLabel.swift; sourceTree = "<group>"; };
		5FD9A8B928DC3A3900BA0937 /* MediumLabel.swift */ = {isa = PBXFileReference; fileEncoding = 4; lastKnownFileType = sourcecode.swift; path = MediumLabel.swift; sourceTree = "<group>"; };
		5FD9A8BD28DC3EB000BA0937 /* String+Types.swift */ = {isa = PBXFileReference; lastKnownFileType = sourcecode.swift; path = "String+Types.swift"; sourceTree = "<group>"; };
		5FD9A8C028DC3F2100BA0937 /* AlertViewModel.swift */ = {isa = PBXFileReference; fileEncoding = 4; lastKnownFileType = sourcecode.swift; path = AlertViewModel.swift; sourceTree = "<group>"; };
		5FD9A8C128DC3F2100BA0937 /* AlertView.xib */ = {isa = PBXFileReference; fileEncoding = 4; lastKnownFileType = file.xib; path = AlertView.xib; sourceTree = "<group>"; };
		5FD9A8C228DC3F2100BA0937 /* AlertView.swift */ = {isa = PBXFileReference; fileEncoding = 4; lastKnownFileType = sourcecode.swift; path = AlertView.swift; sourceTree = "<group>"; };
		5FD9A8C428DC3F2100BA0937 /* ErrorAlertViewModel.swift */ = {isa = PBXFileReference; fileEncoding = 4; lastKnownFileType = sourcecode.swift; path = ErrorAlertViewModel.swift; sourceTree = "<group>"; };
		5FD9A8C528DC3F2100BA0937 /* ErrorAlertView.xib */ = {isa = PBXFileReference; fileEncoding = 4; lastKnownFileType = file.xib; path = ErrorAlertView.xib; sourceTree = "<group>"; };
		5FD9A8C628DC3F2100BA0937 /* ErrorAlertView.swift */ = {isa = PBXFileReference; fileEncoding = 4; lastKnownFileType = sourcecode.swift; path = ErrorAlertView.swift; sourceTree = "<group>"; };
		5FD9A8CD28DC444400BA0937 /* BiometricManager.swift */ = {isa = PBXFileReference; lastKnownFileType = sourcecode.swift; path = BiometricManager.swift; sourceTree = "<group>"; };
		5FE5F7B928DD815700CE3339 /* GetUserListService.swift */ = {isa = PBXFileReference; lastKnownFileType = sourcecode.swift; path = GetUserListService.swift; sourceTree = "<group>"; };
		5FE5F7EA28DDA52300CE3339 /* ReadMe.md */ = {isa = PBXFileReference; lastKnownFileType = net.daringfireball.markdown; path = ReadMe.md; sourceTree = "<group>"; };
/* End PBXFileReference section */

/* Begin PBXFrameworksBuildPhase section */
		5F6FE83328C5B60F00B46B81 /* Frameworks */ = {
			isa = PBXFrameworksBuildPhase;
			buildActionMask = 2147483647;
			files = (
				5FCF5B1928DE0991005E238D /* Lottie in Frameworks */,
				5FB95CDA28D323E2006A3E6B /* RealmSwift in Frameworks */,
				5FB95CD828D323E2006A3E6B /* Realm in Frameworks */,
				5FB95CCD28D322A8006A3E6B /* SwiftKeychainWrapper in Frameworks */,
				5FB95CC828D3212D006A3E6B /* Bond in Frameworks */,
			);
			runOnlyForDeploymentPostprocessing = 0;
		};
		5F6FE9B728C5C95C00B46B81 /* Frameworks */ = {
			isa = PBXFrameworksBuildPhase;
			buildActionMask = 2147483647;
			files = (
			);
			runOnlyForDeploymentPostprocessing = 0;
		};
		5F6FE9C428C5C96400B46B81 /* Frameworks */ = {
			isa = PBXFrameworksBuildPhase;
			buildActionMask = 2147483647;
			files = (
			);
			runOnlyForDeploymentPostprocessing = 0;
		};
/* End PBXFrameworksBuildPhase section */

/* Begin PBXGroup section */
		5F6FE82D28C5B60F00B46B81 = {
			isa = PBXGroup;
			children = (
				5FE5F7EA28DDA52300CE3339 /* ReadMe.md */,
				5F6FE83828C5B60F00B46B81 /* Karoooo */,
				5F6FE9BB28C5C95C00B46B81 /* KarooooTests */,
				5F6FE9C828C5C96400B46B81 /* KarooooUITests */,
				5F6FE83728C5B60F00B46B81 /* Products */,
			);
			sourceTree = "<group>";
		};
		5F6FE83728C5B60F00B46B81 /* Products */ = {
			isa = PBXGroup;
			children = (
				5F6FE83628C5B60F00B46B81 /* Karoooo.app */,
				5F6FE9BA28C5C95C00B46B81 /* KarooooTests.xctest */,
				5F6FE9C728C5C96400B46B81 /* KarooooUITests.xctest */,
			);
			name = Products;
			sourceTree = "<group>";
		};
		5F6FE83828C5B60F00B46B81 /* Karoooo */ = {
			isa = PBXGroup;
			children = (
				5F6FE85328C5B6A400B46B81 /* Application */,
				5F6FE85C28C5B7E300B46B81 /* Context */,
				5F6FE85E28C5B7E300B46B81 /* MVVM */,
				5FB95CCE28D3233E006A3E6B /* Persistence */,
				5F6FE90328C5BA1A00B46B81 /* Authentication */,
				5F6FE86528C5B7E300B46B81 /* Api */,
				5F6FE90B28C5BA1A00B46B81 /* BaseView */,
				5FCF5B1A28DE0AE8005E238D /* ViewControllers */,
				5F6FE92428C5BC2000B46B81 /* Utils */,
				5F6FE84228C5B61000B46B81 /* Assets.xcassets */,
				5F6FE84428C5B61000B46B81 /* LaunchScreen.storyboard */,
				5F6FE84728C5B61000B46B81 /* Info.plist */,
			);
			path = Karoooo;
			sourceTree = "<group>";
		};
		5F6FE85328C5B6A400B46B81 /* Application */ = {
			isa = PBXGroup;
			children = (
				5F6FE85428C5B6A400B46B81 /* ApplicationNavigator.swift */,
				5F6FE85528C5B6A400B46B81 /* ApplicationCoordinator.swift */,
				5F6FE85628C5B6A400B46B81 /* AppDelegate.swift */,
				5F6FE85728C5B6A400B46B81 /* NavigationController.swift */,
			);
			path = Application;
			sourceTree = "<group>";
		};
		5F6FE85C28C5B7E300B46B81 /* Context */ = {
			isa = PBXGroup;
			children = (
				5F6FE85D28C5B7E300B46B81 /* Context.swift */,
			);
			path = Context;
			sourceTree = "<group>";
		};
		5F6FE85E28C5B7E300B46B81 /* MVVM */ = {
			isa = PBXGroup;
			children = (
				5F6FE85F28C5B7E300B46B81 /* ViewController.swift */,
				5F6FE86028C5B7E300B46B81 /* ViewModel.swift */,
				5F6FE86128C5B7E300B46B81 /* Builder.swift */,
				5F6FE86228C5B7E300B46B81 /* Router.swift */,
				5F6FE86328C5B7E300B46B81 /* ViewModelDataSource.swift */,
				5F6FE86428C5B7E300B46B81 /* ModuleBuilder.swift */,
			);
			path = MVVM;
			sourceTree = "<group>";
		};
		5F6FE86528C5B7E300B46B81 /* Api */ = {
			isa = PBXGroup;
			children = (
				5F6FE86628C5B7E300B46B81 /* Headers Builder */,
				5F6FE86828C5B7E300B46B81 /* Enums */,
				5F6FE86E28C5B7E300B46B81 /* Provider */,
				5F6FE87128C5B7E300B46B81 /* Protocols */,
				5F6FE87528C5B7E300B46B81 /* Base */,
				5F6FE87828C5B7E300B46B81 /* Services */,
			);
			path = Api;
			sourceTree = "<group>";
		};
		5F6FE86628C5B7E300B46B81 /* Headers Builder */ = {
			isa = PBXGroup;
			children = (
				5F6FE86728C5B7E300B46B81 /* HeadersBuilder.swift */,
			);
			path = "Headers Builder";
			sourceTree = "<group>";
		};
		5F6FE86828C5B7E300B46B81 /* Enums */ = {
			isa = PBXGroup;
			children = (
				5F6FE86928C5B7E300B46B81 /* ParametersEncoding.swift */,
				5F6FE86A28C5B7E300B46B81 /* NetworkResponse.swift */,
				5F6FE86B28C5B7E300B46B81 /* HTTPMethod.swift */,
				5F6FE86C28C5B7E300B46B81 /* TaskType.swift */,
				5F6FE86D28C5B7E300B46B81 /* NetworkError.swift */,
			);
			path = Enums;
			sourceTree = "<group>";
		};
		5F6FE86E28C5B7E300B46B81 /* Provider */ = {
			isa = PBXGroup;
			children = (
				5F6FE86F28C5B7E300B46B81 /* URLSessionProvider.swift */,
			);
			path = Provider;
			sourceTree = "<group>";
		};
		5F6FE87128C5B7E300B46B81 /* Protocols */ = {
			isa = PBXGroup;
			children = (
				5F6FE87228C5B7E300B46B81 /* ServiceProtocol.swift */,
				5F6FE87328C5B7E300B46B81 /* URLSessionProtocol.swift */,
				5F6FE87428C5B7E300B46B81 /* ProviderProtocol.swift */,
			);
			path = Protocols;
			sourceTree = "<group>";
		};
		5F6FE87528C5B7E300B46B81 /* Base */ = {
			isa = PBXGroup;
			children = (
				5F6FE87628C5B7E300B46B81 /* Endpoints.swift */,
				5F6FE87728C5B7E300B46B81 /* Environment.swift */,
			);
			path = Base;
			sourceTree = "<group>";
		};
		5F6FE87828C5B7E300B46B81 /* Services */ = {
			isa = PBXGroup;
			children = (
				5F6FE87C28C5B7E300B46B81 /* ResponseError.swift */,
				5FE5F7B928DD815700CE3339 /* GetUserListService.swift */,
				5FCF5B0D28DE0938005E238D /* GetListOfCountriesService.swift */,
				5F6FE8B028C5B7E300B46B81 /* JsonNull+Class.swift */,
			);
			path = Services;
			sourceTree = "<group>";
		};
		5F6FE90328C5BA1A00B46B81 /* Authentication */ = {
			isa = PBXGroup;
			children = (
				5F6FE90628C5BA1A00B46B81 /* Model */,
				5F6FE90428C5BA1A00B46B81 /* UserAuthenticationController.swift */,
				5F6FE90528C5BA1A00B46B81 /* UserAuthenticationControllerObserver.swift */,
				5F6FE90A28C5BA1A00B46B81 /* UserProfileProvider.swift */,
			);
			path = Authentication;
			sourceTree = "<group>";
		};
		5F6FE90628C5BA1A00B46B81 /* Model */ = {
			isa = PBXGroup;
			children = (
				5F6FE90828C5BA1A00B46B81 /* UserInformation.swift */,
				5F6FE90928C5BA1A00B46B81 /* Account.swift */,
			);
			path = Model;
			sourceTree = "<group>";
		};
		5F6FE90B28C5BA1A00B46B81 /* BaseView */ = {
			isa = PBXGroup;
			children = (
				5F6FE90C28C5BA1A00B46B81 /* BaseViewController.swift */,
			);
			path = BaseView;
			sourceTree = "<group>";
		};
		5F6FE92428C5BC2000B46B81 /* Utils */ = {
			isa = PBXGroup;
			children = (
				5FCF5B1128DE096D005E238D /* Animations */,
				5FCF5B0F28DE096D005E238D /* LocationManager */,
				5FD9A8BF28DC3F2100BA0937 /* AlertView */,
				5FD9A8C328DC3F2100BA0937 /* Error Alert View */,
				5F6FE96228C5BF6F00B46B81 /* Extensions */,
				5F6FE93C28C5BC2000B46B81 /* Protocol */,
				5F6FE92528C5BC2000B46B81 /* UI */,
				5F6FE93A28C5BC2000B46B81 /* KeychainHelper.swift */,
				5FD9A8CD28DC444400BA0937 /* BiometricManager.swift */,
				5FB95CDB28D32415006A3E6B /* UIDevice+Info.swift */,
				5F6FE96728C5C18D00B46B81 /* TableCellItems.swift */,
				5FD9A8BD28DC3EB000BA0937 /* String+Types.swift */,
				5F6FE93B28C5BC2000B46B81 /* KeychainManager.swift */,
				5F6FE94228C5BC2000B46B81 /* VersionManager.swift */,
			);
			path = Utils;
			sourceTree = "<group>";
		};
		5F6FE92528C5BC2000B46B81 /* UI */ = {
			isa = PBXGroup;
			children = (
				5FB95CDE28D32520006A3E6B /* CustomButton.swift */,
				5FB95CDD28D32520006A3E6B /* CustomTextField.swift */,
				5FCF5B1528DE097C005E238D /* AnimationView.swift */,
				5F6FE92828C5BC2000B46B81 /* RefreshControl.swift */,
				5F6FE92928C5BC2000B46B81 /* UIColorExtension.swift */,
				5F6FE92B28C5BC2000B46B81 /* UIView+Autolayout.swift */,
				5F6FE92C28C5BC2000B46B81 /* NibView.swift */,
				5F6FE93028C5BC2000B46B81 /* UIBarButtonItem+Back.swift */,
				5F6FE93728C5BC2000B46B81 /* TitleLabel.swift */,
				5FD9A8B728DC3A3800BA0937 /* BoldLabel.swift */,
				5FD9A8B928DC3A3900BA0937 /* MediumLabel.swift */,
				5FD9A8B828DC3A3900BA0937 /* RegularLabel.swift */,
				5F6FE93828C5BC2000B46B81 /* ReusableCell.swift */,
				5F6FE93928C5BC2000B46B81 /* KeyboardHelper.swift */,
			);
			path = UI;
			sourceTree = "<group>";
		};
		5F6FE93C28C5BC2000B46B81 /* Protocol */ = {
			isa = PBXGroup;
			children = (
				5F6FE93D28C5BC2000B46B81 /* KeyValueStorage.swift */,
			);
			path = Protocol;
			sourceTree = "<group>";
		};
		5F6FE96228C5BF6F00B46B81 /* Extensions */ = {
			isa = PBXGroup;
			children = (
				5F6FE96328C5BF6F00B46B81 /* URLComponents.swift */,
				5F6FE96428C5BF6F00B46B81 /* URLRequest+Service.swift */,
			);
			path = Extensions;
			sourceTree = "<group>";
		};
		5F6FE9BB28C5C95C00B46B81 /* KarooooTests */ = {
			isa = PBXGroup;
			children = (
				5F6FE9AC28C5C61C00B46B81 /* WelcomeScreenTest.swift */,
				5F6FE9BC28C5C95C00B46B81 /* DemoAppTests.swift */,
				5FCF5B0928DE077C005E238D /* LoginTest.swift */,
				5FCF5B0B28DE07B3005E238D /* UserListTest.swift */,
			);
			path = KarooooTests;
			sourceTree = "<group>";
		};
		5F6FE9C828C5C96400B46B81 /* KarooooUITests */ = {
			isa = PBXGroup;
			children = (
				5F6FE9C928C5C96400B46B81 /* DemoAppUITests.swift */,
				5F6FE9CB28C5C96400B46B81 /* DemoAppUITestsLaunchTests.swift */,
			);
			path = KarooooUITests;
			sourceTree = "<group>";
		};
		5FB95CCE28D3233E006A3E6B /* Persistence */ = {
			isa = PBXGroup;
			children = (
				5FB95CCF28D3233E006A3E6B /* Model */,
				5FB95CD228D3233E006A3E6B /* PersistenceController.swift */,
			);
			path = Persistence;
			sourceTree = "<group>";
		};
		5FB95CCF28D3233E006A3E6B /* Model */ = {
			isa = PBXGroup;
			children = (
				5FB95CD128D3233E006A3E6B /* UserProfile.swift */,
			);
			path = Model;
			sourceTree = "<group>";
		};
		5FCF5B0F28DE096D005E238D /* LocationManager */ = {
			isa = PBXGroup;
			children = (
				5FCF5B1028DE096D005E238D /* LocationManager.swift */,
			);
			path = LocationManager;
			sourceTree = "<group>";
		};
		5FCF5B1128DE096D005E238D /* Animations */ = {
			isa = PBXGroup;
			children = (
				5FCF5B1228DE096D005E238D /* spinner.json */,
			);
			path = Animations;
			sourceTree = "<group>";
		};
		5FCF5B1A28DE0AE8005E238D /* ViewControllers */ = {
			isa = PBXGroup;
			children = (
				5FCF5B1B28DE0AE8005E238D /* Welcome */,
				5FCF5BB328DE0AE8005E238D /* Login */,
				5FCF5BA828DE0AE8005E238D /* CountryListView */,
				5FCF5B3A28DE0AE8005E238D /* Dashboard */,
			);
			path = ViewControllers;
			sourceTree = "<group>";
		};
		5FCF5B1B28DE0AE8005E238D /* Welcome */ = {
			isa = PBXGroup;
			children = (
				5FCF5B2828DE0AE8005E238D /* WelcomeViewController.storyboard */,
				5FCF5C8028DE0B21005E238D /* WelcomeViewController.swift */,
				5FCF5B2728DE0AE8005E238D /* WelcomeDataSource.swift */,
				5FCF5B3228DE0AE8005E238D /* WelcomeViewModel.swift */,
				5FCF5B3628DE0AE8005E238D /* WelcomeRouter.swift */,
				5FCF5B2A28DE0AE8005E238D /* WelcomeBuilder.swift */,
			);
			path = Welcome;
			sourceTree = "<group>";
		};
		5FCF5B3A28DE0AE8005E238D /* Dashboard */ = {
			isa = PBXGroup;
			children = (
				5FCF5B3B28DE0AE8005E238D /* UserListView */,
				5FCF5B6A28DE0AE8005E238D /* UserDetailView */,
				5FCF5B8928DE0AE8005E238D /* UserLocationView */,
			);
			path = Dashboard;
			sourceTree = "<group>";
		};
		5FCF5B3B28DE0AE8005E238D /* UserListView */ = {
			isa = PBXGroup;
			children = (
				5FCF5B3F28DE0AE8005E238D /* UserListCell */,
				5FCF5B3D28DE0AE8005E238D /* UserListViewController.storyboard */,
				5FCF5B6328DE0AE8005E238D /* UserListViewController.swift */,
				5FCF5B5428DE0AE8005E238D /* UserListDataSource.swift */,
				5FCF5B5328DE0AE8005E238D /* UserListViewModel.swift */,
				5FCF5B5528DE0AE8005E238D /* UserListRouter.swift */,
				5FCF5B5828DE0AE8005E238D /* UserListBuilder.swift */,
			);
			path = UserListView;
			sourceTree = "<group>";
		};
		5FCF5B3F28DE0AE8005E238D /* UserListCell */ = {
			isa = PBXGroup;
			children = (
				5FCF5B4828DE0AE8005E238D /* UserListCell.swift */,
				5FCF5B4C28DE0AE8005E238D /* UserListCellDataSource.swift */,
				5FCF5B4428DE0AE8005E238D /* UserListCellViewModel.swift */,
			);
			path = UserListCell;
			sourceTree = "<group>";
		};
		5FCF5B6A28DE0AE8005E238D /* UserDetailView */ = {
			isa = PBXGroup;
			children = (
				5FCF5B6C28DE0AE8005E238D /* UserDetailViewController.storyboard */,
				5FCF5B8028DE0AE8005E238D /* UserDetailViewController.swift */,
				5FCF5B6E28DE0AE8005E238D /* UserDetailDataSource.swift */,
				5FCF5B7228DE0AE8005E238D /* UserDetailViewModel.swift */,
				5FCF5B7828DE0AE8005E238D /* UserDetailRouter.swift */,
				5FCF5B8428DE0AE8005E238D /* UserDetailBuilder.swift */,
			);
			path = UserDetailView;
			sourceTree = "<group>";
		};
		5FCF5B8928DE0AE8005E238D /* UserLocationView */ = {
			isa = PBXGroup;
			children = (
				5FCF5B9B28DE0AE8005E238D /* UserLocationViewController.storyboard */,
				5FCF5BA728DE0AE8005E238D /* UserLocationViewController.swift */,
				5FCF5B8A28DE0AE8005E238D /* UserLocationDataSource.swift */,
				5FCF5B9F28DE0AE8005E238D /* UserLocationViewModel.swift */,
				5FCF5B9128DE0AE8005E238D /* UserLocationRouter.swift */,
				5FCF5B9628DE0AE8005E238D /* UserLocationBuilder.swift */,
			);
			path = UserLocationView;
			sourceTree = "<group>";
		};
		5FCF5BA828DE0AE8005E238D /* CountryListView */ = {
			isa = PBXGroup;
			children = (
				5FCF5BAF28DE0AE8005E238D /* CountryListCell */,
				5FCF5BAC28DE0AE8005E238D /* CountryListViewController.storyboard */,
				5FCF5BAD28DE0AE8005E238D /* CountryListViewController.swift */,
				5FCF5BA928DE0AE8005E238D /* CountryListDataSource.swift */,
				5FCF5BAB28DE0AE8005E238D /* CountryListViewModel.swift */,
				5FCF5BAE28DE0AE8005E238D /* CountryListRouter.swift */,
				5FCF5BAA28DE0AE8005E238D /* CountryListBuilder.swift */,
			);
			path = CountryListView;
			sourceTree = "<group>";
		};
		5FCF5BAF28DE0AE8005E238D /* CountryListCell */ = {
			isa = PBXGroup;
			children = (
				5FCF5BB128DE0AE8005E238D /* CountryListCell.swift */,
				5FCF5BB228DE0AE8005E238D /* CountryListCellDataSource.swift */,
				5FCF5BB028DE0AE8005E238D /* CountryListCellViewModel.swift */,
			);
			path = CountryListCell;
			sourceTree = "<group>";
		};
		5FCF5BB328DE0AE8005E238D /* Login */ = {
			isa = PBXGroup;
			children = (
				5FCF5BD128DE0AE8005E238D /* LoginViewController.storyboard */,
				5FCF5BC828DE0AE8005E238D /* LoginViewController.swift */,
				5FCF5BC328DE0AE8005E238D /* LoginDataSource.swift */,
				5FCF5BB828DE0AE8005E238D /* LoginViewModel.swift */,
				5FCF5BD028DE0AE8005E238D /* LoginRouter.swift */,
				5FCF5BCD28DE0AE8005E238D /* LoginBuilder.swift */,
			);
			path = Login;
			sourceTree = "<group>";
		};
		5FD9A8BF28DC3F2100BA0937 /* AlertView */ = {
			isa = PBXGroup;
			children = (
				5FD9A8C028DC3F2100BA0937 /* AlertViewModel.swift */,
				5FD9A8C128DC3F2100BA0937 /* AlertView.xib */,
				5FD9A8C228DC3F2100BA0937 /* AlertView.swift */,
			);
			path = AlertView;
			sourceTree = "<group>";
		};
		5FD9A8C328DC3F2100BA0937 /* Error Alert View */ = {
			isa = PBXGroup;
			children = (
				5FD9A8C428DC3F2100BA0937 /* ErrorAlertViewModel.swift */,
				5FD9A8C528DC3F2100BA0937 /* ErrorAlertView.xib */,
				5FD9A8C628DC3F2100BA0937 /* ErrorAlertView.swift */,
			);
			path = "Error Alert View";
			sourceTree = "<group>";
		};
/* End PBXGroup section */

/* Begin PBXNativeTarget section */
		5F6FE83528C5B60F00B46B81 /* Karoooo */ = {
			isa = PBXNativeTarget;
			buildConfigurationList = 5F6FE84A28C5B61000B46B81 /* Build configuration list for PBXNativeTarget "Karoooo" */;
			buildPhases = (
				5F6FE83228C5B60F00B46B81 /* Sources */,
				5F6FE83328C5B60F00B46B81 /* Frameworks */,
				5F6FE83428C5B60F00B46B81 /* Resources */,
			);
			buildRules = (
			);
			dependencies = (
			);
			name = Karoooo;
			packageProductDependencies = (
				5FB95CC728D3212D006A3E6B /* Bond */,
				5FB95CCC28D322A8006A3E6B /* SwiftKeychainWrapper */,
				5FB95CD728D323E2006A3E6B /* Realm */,
				5FB95CD928D323E2006A3E6B /* RealmSwift */,
				5FCF5B1828DE0991005E238D /* Lottie */,
			);
			productName = DemoApp;
			productReference = 5F6FE83628C5B60F00B46B81 /* Karoooo.app */;
			productType = "com.apple.product-type.application";
		};
		5F6FE9B928C5C95C00B46B81 /* KarooooTests */ = {
			isa = PBXNativeTarget;
			buildConfigurationList = 5F6FE9C028C5C95C00B46B81 /* Build configuration list for PBXNativeTarget "KarooooTests" */;
			buildPhases = (
				5F6FE9B628C5C95C00B46B81 /* Sources */,
				5F6FE9B728C5C95C00B46B81 /* Frameworks */,
				5F6FE9B828C5C95C00B46B81 /* Resources */,
			);
			buildRules = (
			);
			dependencies = (
				5F6FE9BF28C5C95C00B46B81 /* PBXTargetDependency */,
			);
			name = KarooooTests;
			productName = DemoAppTests;
			productReference = 5F6FE9BA28C5C95C00B46B81 /* KarooooTests.xctest */;
			productType = "com.apple.product-type.bundle.unit-test";
		};
		5F6FE9C628C5C96400B46B81 /* KarooooUITests */ = {
			isa = PBXNativeTarget;
			buildConfigurationList = 5F6FE9CF28C5C96400B46B81 /* Build configuration list for PBXNativeTarget "KarooooUITests" */;
			buildPhases = (
				5F6FE9C328C5C96400B46B81 /* Sources */,
				5F6FE9C428C5C96400B46B81 /* Frameworks */,
				5F6FE9C528C5C96400B46B81 /* Resources */,
			);
			buildRules = (
			);
			dependencies = (
				5F6FE9CE28C5C96400B46B81 /* PBXTargetDependency */,
			);
			name = KarooooUITests;
			productName = DemoAppUITests;
			productReference = 5F6FE9C728C5C96400B46B81 /* KarooooUITests.xctest */;
			productType = "com.apple.product-type.bundle.ui-testing";
		};
/* End PBXNativeTarget section */

/* Begin PBXProject section */
		5F6FE82E28C5B60F00B46B81 /* Project object */ = {
			isa = PBXProject;
			attributes = {
				BuildIndependentTargetsInParallel = 1;
				LastSwiftUpdateCheck = 1340;
				LastUpgradeCheck = 1340;
				TargetAttributes = {
					5F6FE83528C5B60F00B46B81 = {
						CreatedOnToolsVersion = 13.4.1;
					};
					5F6FE9B928C5C95C00B46B81 = {
						CreatedOnToolsVersion = 13.4.1;
						TestTargetID = 5F6FE83528C5B60F00B46B81;
					};
					5F6FE9C628C5C96400B46B81 = {
						CreatedOnToolsVersion = 13.4.1;
						TestTargetID = 5F6FE83528C5B60F00B46B81;
					};
				};
			};
			buildConfigurationList = 5F6FE83128C5B60F00B46B81 /* Build configuration list for PBXProject "Karoooo" */;
			compatibilityVersion = "Xcode 13.0";
			developmentRegion = en;
			hasScannedForEncodings = 0;
			knownRegions = (
				en,
				Base,
			);
			mainGroup = 5F6FE82D28C5B60F00B46B81;
			packageReferences = (
				5FB95CC628D3212D006A3E6B /* XCRemoteSwiftPackageReference "Bond" */,
				5FB95CCB28D322A8006A3E6B /* XCRemoteSwiftPackageReference "SwiftKeychainWrapper" */,
				5FB95CD628D323E2006A3E6B /* XCRemoteSwiftPackageReference "realm-swift" */,
				5FCF5B1728DE0991005E238D /* XCRemoteSwiftPackageReference "lottie-ios" */,
			);
			productRefGroup = 5F6FE83728C5B60F00B46B81 /* Products */;
			projectDirPath = "";
			projectRoot = "";
			targets = (
				5F6FE83528C5B60F00B46B81 /* Karoooo */,
				5F6FE9B928C5C95C00B46B81 /* KarooooTests */,
				5F6FE9C628C5C96400B46B81 /* KarooooUITests */,
			);
		};
/* End PBXProject section */

/* Begin PBXResourcesBuildPhase section */
		5F6FE83428C5B60F00B46B81 /* Resources */ = {
			isa = PBXResourcesBuildPhase;
			buildActionMask = 2147483647;
			files = (
				5FCF5BF128DE0AE8005E238D /* UserListViewController.storyboard in Resources */,
				5FCF5C4C28DE0AE9005E238D /* UserLocationViewController.storyboard in Resources */,
				5FCF5C1E28DE0AE8005E238D /* UserDetailViewController.storyboard in Resources */,
				5FD9A8CB28DC3F2100BA0937 /* ErrorAlertView.xib in Resources */,
				5FD9A8C828DC3F2100BA0937 /* AlertView.xib in Resources */,
				5FCF5C7F28DE0AE9005E238D /* LoginViewController.storyboard in Resources */,
				5F6FE84628C5B61000B46B81 /* LaunchScreen.storyboard in Resources */,
				5F6FE84328C5B61000B46B81 /* Assets.xcassets in Resources */,
				5FCF5B1428DE096D005E238D /* spinner.json in Resources */,
				5FCF5C5C28DE0AE9005E238D /* CountryListViewController.storyboard in Resources */,
				5FCF5BDE28DE0AE8005E238D /* WelcomeViewController.storyboard in Resources */,
			);
			runOnlyForDeploymentPostprocessing = 0;
		};
		5F6FE9B828C5C95C00B46B81 /* Resources */ = {
			isa = PBXResourcesBuildPhase;
			buildActionMask = 2147483647;
			files = (
			);
			runOnlyForDeploymentPostprocessing = 0;
		};
		5F6FE9C528C5C96400B46B81 /* Resources */ = {
			isa = PBXResourcesBuildPhase;
			buildActionMask = 2147483647;
			files = (
			);
			runOnlyForDeploymentPostprocessing = 0;
		};
/* End PBXResourcesBuildPhase section */

/* Begin PBXSourcesBuildPhase section */
		5F6FE83228C5B60F00B46B81 /* Sources */ = {
			isa = PBXSourcesBuildPhase;
			buildActionMask = 2147483647;
			files = (
				5FCF5C7628DE0AE9005E238D /* LoginViewController.swift in Sources */,
				5FCF5C8128DE0B21005E238D /* WelcomeViewController.swift in Sources */,
				5FD9A8C928DC3F2100BA0937 /* AlertView.swift in Sources */,
				5FCF5C0B28DE0AE8005E238D /* UserListBuilder.swift in Sources */,
				5FCF5C5E28DE0AE9005E238D /* CountryListRouter.swift in Sources */,
				5F6FE8C928C5B7E300B46B81 /* ProviderProtocol.swift in Sources */,
				5F6FE8CB28C5B7E300B46B81 /* Environment.swift in Sources */,
				5FCF5C5028DE0AE9005E238D /* UserLocationViewModel.swift in Sources */,
				5F6FE8FC28C5B7E300B46B81 /* JsonNull+Class.swift in Sources */,
				5FCF5C7B28DE0AE9005E238D /* LoginBuilder.swift in Sources */,
				5FCF5C3628DE0AE9005E238D /* UserDetailBuilder.swift in Sources */,
				5F6FE91728C5BA1A00B46B81 /* UserProfileProvider.swift in Sources */,
				5F6FE8C828C5B7E300B46B81 /* URLSessionProtocol.swift in Sources */,
				5FCF5BDD28DE0AE8005E238D /* WelcomeDataSource.swift in Sources */,
				5FCF5C5928DE0AE9005E238D /* CountryListDataSource.swift in Sources */,
				5F6FE94828C5BC2000B46B81 /* UIView+Autolayout.swift in Sources */,
				5FCF5BFF28DE0AE8005E238D /* UserListCellDataSource.swift in Sources */,
				5FCF5BF728DE0AE8005E238D /* UserListCellViewModel.swift in Sources */,
				5FCF5C2A28DE0AE9005E238D /* UserDetailRouter.swift in Sources */,
				5F6FE95528C5BC2000B46B81 /* ReusableCell.swift in Sources */,
				5F6FE8CE28C5B7E300B46B81 /* ResponseError.swift in Sources */,
				5F6FE94928C5BC2000B46B81 /* NibView.swift in Sources */,
				5FCF5BFB28DE0AE8005E238D /* UserListCell.swift in Sources */,
				5F6FE8C428C5B7E300B46B81 /* NetworkError.swift in Sources */,
				5F6FE8B928C5B7E300B46B81 /* ViewController.swift in Sources */,
				5FCF5C5828DE0AE9005E238D /* UserLocationViewController.swift in Sources */,
				5FD9A8CA28DC3F2100BA0937 /* ErrorAlertViewModel.swift in Sources */,
				5FCF5B0E28DE0938005E238D /* GetListOfCountriesService.swift in Sources */,
				5FB95CD428D3233E006A3E6B /* UserProfile.swift in Sources */,
				5FCF5BEC28DE0AE8005E238D /* WelcomeRouter.swift in Sources */,
				5F6FE91628C5BA1A00B46B81 /* Account.swift in Sources */,
				5F6FE8BD28C5B7E300B46B81 /* ViewModelDataSource.swift in Sources */,
				5F6FE85A28C5B6A400B46B81 /* AppDelegate.swift in Sources */,
				5F6FE85B28C5B6A400B46B81 /* NavigationController.swift in Sources */,
				5FCF5C3B28DE0AE9005E238D /* UserLocationDataSource.swift in Sources */,
				5FCF5C1628DE0AE8005E238D /* UserListViewController.swift in Sources */,
				5FCF5C5A28DE0AE9005E238D /* CountryListBuilder.swift in Sources */,
				5FB95CD528D3233E006A3E6B /* PersistenceController.swift in Sources */,
				5FB95CDF28D32520006A3E6B /* CustomTextField.swift in Sources */,
				5F6FE96628C5BF6F00B46B81 /* URLRequest+Service.swift in Sources */,
				5FCF5C6628DE0AE9005E238D /* LoginViewModel.swift in Sources */,
				5FD9A8BA28DC3A3900BA0937 /* BoldLabel.swift in Sources */,
				5FB95CDC28D32415006A3E6B /* UIDevice+Info.swift in Sources */,
				5F6FE91328C5BA1A00B46B81 /* UserAuthenticationControllerObserver.swift in Sources */,
				5F6FE91528C5BA1A00B46B81 /* UserInformation.swift in Sources */,
				5FCF5C3228DE0AE9005E238D /* UserDetailViewController.swift in Sources */,
				5F6FE95628C5BC2000B46B81 /* KeyboardHelper.swift in Sources */,
				5FCF5C6128DE0AE9005E238D /* CountryListCellDataSource.swift in Sources */,
				5F6FE95428C5BC2000B46B81 /* TitleLabel.swift in Sources */,
				5FD9A8C728DC3F2100BA0937 /* AlertViewModel.swift in Sources */,
				5F6FE8BE28C5B7E300B46B81 /* ModuleBuilder.swift in Sources */,
				5FCF5C5D28DE0AE9005E238D /* CountryListViewController.swift in Sources */,
				5FCF5C4728DE0AE9005E238D /* UserLocationBuilder.swift in Sources */,
				5F6FE95928C5BC2000B46B81 /* KeyValueStorage.swift in Sources */,
				5F6FE94628C5BC2000B46B81 /* UIColorExtension.swift in Sources */,
				5FCF5C2428DE0AE8005E238D /* UserDetailViewModel.swift in Sources */,
				5F6FE96528C5BF6F00B46B81 /* URLComponents.swift in Sources */,
				5F6FE85828C5B6A400B46B81 /* ApplicationNavigator.swift in Sources */,
				5F6FE95C28C5BC2000B46B81 /* VersionManager.swift in Sources */,
				5FD9A8CC28DC3F2100BA0937 /* ErrorAlertView.swift in Sources */,
				5FB95CE028D32520006A3E6B /* CustomButton.swift in Sources */,
				5F6FE8BC28C5B7E300B46B81 /* Router.swift in Sources */,
				5F6FE8B828C5B7E300B46B81 /* Context.swift in Sources */,
				5F6FE8C228C5B7E300B46B81 /* HTTPMethod.swift in Sources */,
				5FCF5C2028DE0AE8005E238D /* UserDetailDataSource.swift in Sources */,
				5F6FE8CA28C5B7E300B46B81 /* Endpoints.swift in Sources */,
				5F6FE8C028C5B7E300B46B81 /* ParametersEncoding.swift in Sources */,
				5F6FE8C128C5B7E300B46B81 /* NetworkResponse.swift in Sources */,
				5F6FE91828C5BA1A00B46B81 /* BaseViewController.swift in Sources */,
				5FCF5C0728DE0AE8005E238D /* UserListDataSource.swift in Sources */,
				5FCF5B1628DE097C005E238D /* AnimationView.swift in Sources */,
				5F6FE85928C5B6A400B46B81 /* ApplicationCoordinator.swift in Sources */,
				5FCF5C0628DE0AE8005E238D /* UserListViewModel.swift in Sources */,
				5F6FE95728C5BC2000B46B81 /* KeychainHelper.swift in Sources */,
				5F6FE94528C5BC2000B46B81 /* RefreshControl.swift in Sources */,
				5F6FE8BA28C5B7E300B46B81 /* ViewModel.swift in Sources */,
				5FD9A8CE28DC444400BA0937 /* BiometricManager.swift in Sources */,
				5FCF5BE828DE0AE8005E238D /* WelcomeViewModel.swift in Sources */,
				5FCF5BE028DE0AE8005E238D /* WelcomeBuilder.swift in Sources */,
				5FE5F7BA28DD815700CE3339 /* GetUserListService.swift in Sources */,
				5FCF5C7E28DE0AE9005E238D /* LoginRouter.swift in Sources */,
				5FCF5C4228DE0AE9005E238D /* UserLocationRouter.swift in Sources */,
				5F6FE94D28C5BC2000B46B81 /* UIBarButtonItem+Back.swift in Sources */,
				5FD9A8BE28DC3EB000BA0937 /* String+Types.swift in Sources */,
				5F6FE8BF28C5B7E300B46B81 /* HeadersBuilder.swift in Sources */,
				5FCF5C5F28DE0AE9005E238D /* CountryListCellViewModel.swift in Sources */,
				5FCF5C0828DE0AE8005E238D /* UserListRouter.swift in Sources */,
				5FCF5C7128DE0AE9005E238D /* LoginDataSource.swift in Sources */,
				5F6FE95828C5BC2000B46B81 /* KeychainManager.swift in Sources */,
				5F6FE96828C5C18D00B46B81 /* TableCellItems.swift in Sources */,
				5F6FE8C528C5B7E300B46B81 /* URLSessionProvider.swift in Sources */,
				5F6FE91228C5BA1A00B46B81 /* UserAuthenticationController.swift in Sources */,
				5F6FE8C328C5B7E300B46B81 /* TaskType.swift in Sources */,
				5FD9A8BC28DC3A3900BA0937 /* MediumLabel.swift in Sources */,
				5F6FE8BB28C5B7E300B46B81 /* Builder.swift in Sources */,
				5FCF5B1328DE096D005E238D /* LocationManager.swift in Sources */,
				5FCF5C5B28DE0AE9005E238D /* CountryListViewModel.swift in Sources */,
				5F6FE8C728C5B7E300B46B81 /* ServiceProtocol.swift in Sources */,
				5FCF5C6028DE0AE9005E238D /* CountryListCell.swift in Sources */,
				5FD9A8BB28DC3A3900BA0937 /* RegularLabel.swift in Sources */,
			);
			runOnlyForDeploymentPostprocessing = 0;
		};
		5F6FE9B628C5C95C00B46B81 /* Sources */ = {
			isa = PBXSourcesBuildPhase;
			buildActionMask = 2147483647;
			files = (
				5FCF5B0C28DE07B3005E238D /* UserListTest.swift in Sources */,
				5FCF5B0A28DE077C005E238D /* LoginTest.swift in Sources */,
				5F6FE9D228C5C96E00B46B81 /* WelcomeScreenTest.swift in Sources */,
				5F6FE9BD28C5C95C00B46B81 /* DemoAppTests.swift in Sources */,
			);
			runOnlyForDeploymentPostprocessing = 0;
		};
		5F6FE9C328C5C96400B46B81 /* Sources */ = {
			isa = PBXSourcesBuildPhase;
			buildActionMask = 2147483647;
			files = (
				5F6FE9CA28C5C96400B46B81 /* DemoAppUITests.swift in Sources */,
				5F6FE9CC28C5C96400B46B81 /* DemoAppUITestsLaunchTests.swift in Sources */,
			);
			runOnlyForDeploymentPostprocessing = 0;
		};
/* End PBXSourcesBuildPhase section */

/* Begin PBXTargetDependency section */
		5F6FE9BF28C5C95C00B46B81 /* PBXTargetDependency */ = {
			isa = PBXTargetDependency;
			target = 5F6FE83528C5B60F00B46B81 /* Karoooo */;
			targetProxy = 5F6FE9BE28C5C95C00B46B81 /* PBXContainerItemProxy */;
		};
		5F6FE9CE28C5C96400B46B81 /* PBXTargetDependency */ = {
			isa = PBXTargetDependency;
			target = 5F6FE83528C5B60F00B46B81 /* Karoooo */;
			targetProxy = 5F6FE9CD28C5C96400B46B81 /* PBXContainerItemProxy */;
		};
/* End PBXTargetDependency section */

/* Begin PBXVariantGroup section */
		5F6FE84428C5B61000B46B81 /* LaunchScreen.storyboard */ = {
			isa = PBXVariantGroup;
			children = (
				5F6FE84528C5B61000B46B81 /* Base */,
			);
			name = LaunchScreen.storyboard;
			sourceTree = "<group>";
		};
/* End PBXVariantGroup section */

/* Begin XCBuildConfiguration section */
		5F6FE84828C5B61000B46B81 /* Debug */ = {
			isa = XCBuildConfiguration;
			buildSettings = {
				ALWAYS_SEARCH_USER_PATHS = NO;
				CLANG_ANALYZER_NONNULL = YES;
				CLANG_ANALYZER_NUMBER_OBJECT_CONVERSION = YES_AGGRESSIVE;
				CLANG_CXX_LANGUAGE_STANDARD = "gnu++17";
				CLANG_ENABLE_MODULES = YES;
				CLANG_ENABLE_OBJC_ARC = YES;
				CLANG_ENABLE_OBJC_WEAK = YES;
				CLANG_WARN_BLOCK_CAPTURE_AUTORELEASING = YES;
				CLANG_WARN_BOOL_CONVERSION = YES;
				CLANG_WARN_COMMA = YES;
				CLANG_WARN_CONSTANT_CONVERSION = YES;
				CLANG_WARN_DEPRECATED_OBJC_IMPLEMENTATIONS = YES;
				CLANG_WARN_DIRECT_OBJC_ISA_USAGE = YES_ERROR;
				CLANG_WARN_DOCUMENTATION_COMMENTS = YES;
				CLANG_WARN_EMPTY_BODY = YES;
				CLANG_WARN_ENUM_CONVERSION = YES;
				CLANG_WARN_INFINITE_RECURSION = YES;
				CLANG_WARN_INT_CONVERSION = YES;
				CLANG_WARN_NON_LITERAL_NULL_CONVERSION = YES;
				CLANG_WARN_OBJC_IMPLICIT_RETAIN_SELF = YES;
				CLANG_WARN_OBJC_LITERAL_CONVERSION = YES;
				CLANG_WARN_OBJC_ROOT_CLASS = YES_ERROR;
				CLANG_WARN_QUOTED_INCLUDE_IN_FRAMEWORK_HEADER = YES;
				CLANG_WARN_RANGE_LOOP_ANALYSIS = YES;
				CLANG_WARN_STRICT_PROTOTYPES = YES;
				CLANG_WARN_SUSPICIOUS_MOVE = YES;
				CLANG_WARN_UNGUARDED_AVAILABILITY = YES_AGGRESSIVE;
				CLANG_WARN_UNREACHABLE_CODE = YES;
				CLANG_WARN__DUPLICATE_METHOD_MATCH = YES;
				COPY_PHASE_STRIP = NO;
				DEBUG_INFORMATION_FORMAT = dwarf;
				ENABLE_STRICT_OBJC_MSGSEND = YES;
				ENABLE_TESTABILITY = YES;
				GCC_C_LANGUAGE_STANDARD = gnu11;
				GCC_DYNAMIC_NO_PIC = NO;
				GCC_NO_COMMON_BLOCKS = YES;
				GCC_OPTIMIZATION_LEVEL = 0;
				GCC_PREPROCESSOR_DEFINITIONS = (
					"DEBUG=1",
					"$(inherited)",
				);
				GCC_WARN_64_TO_32_BIT_CONVERSION = YES;
				GCC_WARN_ABOUT_RETURN_TYPE = YES_ERROR;
				GCC_WARN_UNDECLARED_SELECTOR = YES;
				GCC_WARN_UNINITIALIZED_AUTOS = YES_AGGRESSIVE;
				GCC_WARN_UNUSED_FUNCTION = YES;
				GCC_WARN_UNUSED_VARIABLE = YES;
				IPHONEOS_DEPLOYMENT_TARGET = 15.5;
				MTL_ENABLE_DEBUG_INFO = INCLUDE_SOURCE;
				MTL_FAST_MATH = YES;
				ONLY_ACTIVE_ARCH = YES;
				SDKROOT = iphoneos;
				SWIFT_ACTIVE_COMPILATION_CONDITIONS = DEBUG;
				SWIFT_OPTIMIZATION_LEVEL = "-Onone";
			};
			name = Debug;
		};
		5F6FE84928C5B61000B46B81 /* Release */ = {
			isa = XCBuildConfiguration;
			buildSettings = {
				ALWAYS_SEARCH_USER_PATHS = NO;
				CLANG_ANALYZER_NONNULL = YES;
				CLANG_ANALYZER_NUMBER_OBJECT_CONVERSION = YES_AGGRESSIVE;
				CLANG_CXX_LANGUAGE_STANDARD = "gnu++17";
				CLANG_ENABLE_MODULES = YES;
				CLANG_ENABLE_OBJC_ARC = YES;
				CLANG_ENABLE_OBJC_WEAK = YES;
				CLANG_WARN_BLOCK_CAPTURE_AUTORELEASING = YES;
				CLANG_WARN_BOOL_CONVERSION = YES;
				CLANG_WARN_COMMA = YES;
				CLANG_WARN_CONSTANT_CONVERSION = YES;
				CLANG_WARN_DEPRECATED_OBJC_IMPLEMENTATIONS = YES;
				CLANG_WARN_DIRECT_OBJC_ISA_USAGE = YES_ERROR;
				CLANG_WARN_DOCUMENTATION_COMMENTS = YES;
				CLANG_WARN_EMPTY_BODY = YES;
				CLANG_WARN_ENUM_CONVERSION = YES;
				CLANG_WARN_INFINITE_RECURSION = YES;
				CLANG_WARN_INT_CONVERSION = YES;
				CLANG_WARN_NON_LITERAL_NULL_CONVERSION = YES;
				CLANG_WARN_OBJC_IMPLICIT_RETAIN_SELF = YES;
				CLANG_WARN_OBJC_LITERAL_CONVERSION = YES;
				CLANG_WARN_OBJC_ROOT_CLASS = YES_ERROR;
				CLANG_WARN_QUOTED_INCLUDE_IN_FRAMEWORK_HEADER = YES;
				CLANG_WARN_RANGE_LOOP_ANALYSIS = YES;
				CLANG_WARN_STRICT_PROTOTYPES = YES;
				CLANG_WARN_SUSPICIOUS_MOVE = YES;
				CLANG_WARN_UNGUARDED_AVAILABILITY = YES_AGGRESSIVE;
				CLANG_WARN_UNREACHABLE_CODE = YES;
				CLANG_WARN__DUPLICATE_METHOD_MATCH = YES;
				COPY_PHASE_STRIP = NO;
				DEBUG_INFORMATION_FORMAT = "dwarf-with-dsym";
				ENABLE_NS_ASSERTIONS = NO;
				ENABLE_STRICT_OBJC_MSGSEND = YES;
				GCC_C_LANGUAGE_STANDARD = gnu11;
				GCC_NO_COMMON_BLOCKS = YES;
				GCC_WARN_64_TO_32_BIT_CONVERSION = YES;
				GCC_WARN_ABOUT_RETURN_TYPE = YES_ERROR;
				GCC_WARN_UNDECLARED_SELECTOR = YES;
				GCC_WARN_UNINITIALIZED_AUTOS = YES_AGGRESSIVE;
				GCC_WARN_UNUSED_FUNCTION = YES;
				GCC_WARN_UNUSED_VARIABLE = YES;
				IPHONEOS_DEPLOYMENT_TARGET = 15.5;
				MTL_ENABLE_DEBUG_INFO = NO;
				MTL_FAST_MATH = YES;
				SDKROOT = iphoneos;
				SWIFT_COMPILATION_MODE = wholemodule;
				SWIFT_OPTIMIZATION_LEVEL = "-O";
				VALIDATE_PRODUCT = YES;
			};
			name = Release;
		};
		5F6FE84B28C5B61000B46B81 /* Debug */ = {
			isa = XCBuildConfiguration;
			buildSettings = {
				ASSETCATALOG_COMPILER_APPICON_NAME = AppIcon;
				ASSETCATALOG_COMPILER_GLOBAL_ACCENT_COLOR_NAME = AccentColor;
				CODE_SIGN_STYLE = Automatic;
				CURRENT_PROJECT_VERSION = 1;
				GENERATE_INFOPLIST_FILE = YES;
				INFOPLIST_FILE = Karoooo/Info.plist;
				INFOPLIST_KEY_UIApplicationSupportsIndirectInputEvents = YES;
				INFOPLIST_KEY_UILaunchStoryboardName = LaunchScreen;
				INFOPLIST_KEY_UISupportedInterfaceOrientations_iPad = "UIInterfaceOrientationPortrait UIInterfaceOrientationPortraitUpsideDown UIInterfaceOrientationLandscapeLeft UIInterfaceOrientationLandscapeRight";
				INFOPLIST_KEY_UISupportedInterfaceOrientations_iPhone = "UIInterfaceOrientationPortrait UIInterfaceOrientationLandscapeLeft UIInterfaceOrientationLandscapeRight";
				LD_RUNPATH_SEARCH_PATHS = (
					"$(inherited)",
					"@executable_path/Frameworks",
				);
				MARKETING_VERSION = 1.0;
				PRODUCT_BUNDLE_IDENTIFIER = com.mcm.karoooo;
				PRODUCT_NAME = "$(TARGET_NAME)";
				SWIFT_EMIT_LOC_STRINGS = YES;
				SWIFT_VERSION = 5.0;
				TARGETED_DEVICE_FAMILY = "1,2";
			};
			name = Debug;
		};
		5F6FE84C28C5B61000B46B81 /* Release */ = {
			isa = XCBuildConfiguration;
			buildSettings = {
				ASSETCATALOG_COMPILER_APPICON_NAME = AppIcon;
				ASSETCATALOG_COMPILER_GLOBAL_ACCENT_COLOR_NAME = AccentColor;
				CODE_SIGN_STYLE = Automatic;
				CURRENT_PROJECT_VERSION = 1;
				GENERATE_INFOPLIST_FILE = YES;
				INFOPLIST_FILE = Karoooo/Info.plist;
				INFOPLIST_KEY_UIApplicationSupportsIndirectInputEvents = YES;
				INFOPLIST_KEY_UILaunchStoryboardName = LaunchScreen;
				INFOPLIST_KEY_UISupportedInterfaceOrientations_iPad = "UIInterfaceOrientationPortrait UIInterfaceOrientationPortraitUpsideDown UIInterfaceOrientationLandscapeLeft UIInterfaceOrientationLandscapeRight";
				INFOPLIST_KEY_UISupportedInterfaceOrientations_iPhone = "UIInterfaceOrientationPortrait UIInterfaceOrientationLandscapeLeft UIInterfaceOrientationLandscapeRight";
				LD_RUNPATH_SEARCH_PATHS = (
					"$(inherited)",
					"@executable_path/Frameworks",
				);
				MARKETING_VERSION = 1.0;
				PRODUCT_BUNDLE_IDENTIFIER = com.mcm.karoooo;
				PRODUCT_NAME = "$(TARGET_NAME)";
				SWIFT_EMIT_LOC_STRINGS = YES;
				SWIFT_VERSION = 5.0;
				TARGETED_DEVICE_FAMILY = "1,2";
			};
			name = Release;
		};
		5F6FE9C128C5C95C00B46B81 /* Debug */ = {
			isa = XCBuildConfiguration;
			buildSettings = {
				BUNDLE_LOADER = "$(TEST_HOST)";
				CODE_SIGN_STYLE = Automatic;
				CURRENT_PROJECT_VERSION = 1;
				GENERATE_INFOPLIST_FILE = YES;
				MARKETING_VERSION = 1.0;
				PRODUCT_BUNDLE_IDENTIFIER = com.mcm.DemoAppTests;
				PRODUCT_NAME = "$(TARGET_NAME)";
				SWIFT_EMIT_LOC_STRINGS = NO;
				SWIFT_VERSION = 5.0;
				TARGETED_DEVICE_FAMILY = "1,2";
				TEST_HOST = "$(BUILT_PRODUCTS_DIR)/Karoooo.app/Karoooo";
			};
			name = Debug;
		};
		5F6FE9C228C5C95C00B46B81 /* Release */ = {
			isa = XCBuildConfiguration;
			buildSettings = {
				BUNDLE_LOADER = "$(TEST_HOST)";
				CODE_SIGN_STYLE = Automatic;
				CURRENT_PROJECT_VERSION = 1;
				GENERATE_INFOPLIST_FILE = YES;
				MARKETING_VERSION = 1.0;
				PRODUCT_BUNDLE_IDENTIFIER = com.mcm.DemoAppTests;
				PRODUCT_NAME = "$(TARGET_NAME)";
				SWIFT_EMIT_LOC_STRINGS = NO;
				SWIFT_VERSION = 5.0;
				TARGETED_DEVICE_FAMILY = "1,2";
				TEST_HOST = "$(BUILT_PRODUCTS_DIR)/Karoooo.app/Karoooo";
			};
			name = Release;
		};
		5F6FE9D028C5C96400B46B81 /* Debug */ = {
			isa = XCBuildConfiguration;
			buildSettings = {
				CODE_SIGN_STYLE = Automatic;
				CURRENT_PROJECT_VERSION = 1;
				GENERATE_INFOPLIST_FILE = YES;
				MARKETING_VERSION = 1.0;
				PRODUCT_BUNDLE_IDENTIFIER = com.mcm.DemoAppUITests;
				PRODUCT_NAME = "$(TARGET_NAME)";
				SWIFT_EMIT_LOC_STRINGS = NO;
				SWIFT_VERSION = 5.0;
				TARGETED_DEVICE_FAMILY = "1,2";
				TEST_TARGET_NAME = Karoooo;
			};
			name = Debug;
		};
		5F6FE9D128C5C96400B46B81 /* Release */ = {
			isa = XCBuildConfiguration;
			buildSettings = {
				CODE_SIGN_STYLE = Automatic;
				CURRENT_PROJECT_VERSION = 1;
				GENERATE_INFOPLIST_FILE = YES;
				MARKETING_VERSION = 1.0;
				PRODUCT_BUNDLE_IDENTIFIER = com.mcm.DemoAppUITests;
				PRODUCT_NAME = "$(TARGET_NAME)";
				SWIFT_EMIT_LOC_STRINGS = NO;
				SWIFT_VERSION = 5.0;
				TARGETED_DEVICE_FAMILY = "1,2";
				TEST_TARGET_NAME = Karoooo;
			};
			name = Release;
		};
/* End XCBuildConfiguration section */

/* Begin XCConfigurationList section */
		5F6FE83128C5B60F00B46B81 /* Build configuration list for PBXProject "Karoooo" */ = {
			isa = XCConfigurationList;
			buildConfigurations = (
				5F6FE84828C5B61000B46B81 /* Debug */,
				5F6FE84928C5B61000B46B81 /* Release */,
			);
			defaultConfigurationIsVisible = 0;
			defaultConfigurationName = Release;
		};
		5F6FE84A28C5B61000B46B81 /* Build configuration list for PBXNativeTarget "Karoooo" */ = {
			isa = XCConfigurationList;
			buildConfigurations = (
				5F6FE84B28C5B61000B46B81 /* Debug */,
				5F6FE84C28C5B61000B46B81 /* Release */,
			);
			defaultConfigurationIsVisible = 0;
			defaultConfigurationName = Release;
		};
		5F6FE9C028C5C95C00B46B81 /* Build configuration list for PBXNativeTarget "KarooooTests" */ = {
			isa = XCConfigurationList;
			buildConfigurations = (
				5F6FE9C128C5C95C00B46B81 /* Debug */,
				5F6FE9C228C5C95C00B46B81 /* Release */,
			);
			defaultConfigurationIsVisible = 0;
			defaultConfigurationName = Release;
		};
		5F6FE9CF28C5C96400B46B81 /* Build configuration list for PBXNativeTarget "KarooooUITests" */ = {
			isa = XCConfigurationList;
			buildConfigurations = (
				5F6FE9D028C5C96400B46B81 /* Debug */,
				5F6FE9D128C5C96400B46B81 /* Release */,
			);
			defaultConfigurationIsVisible = 0;
			defaultConfigurationName = Release;
		};
/* End XCConfigurationList section */

/* Begin XCRemoteSwiftPackageReference section */
		5FB95CC628D3212D006A3E6B /* XCRemoteSwiftPackageReference "Bond" */ = {
			isa = XCRemoteSwiftPackageReference;
			repositoryURL = "https://github.com/DeclarativeHub/Bond";
			requirement = {
				kind = upToNextMajorVersion;
				minimumVersion = 7.0.0;
			};
		};
		5FB95CCB28D322A8006A3E6B /* XCRemoteSwiftPackageReference "SwiftKeychainWrapper" */ = {
			isa = XCRemoteSwiftPackageReference;
			repositoryURL = "https://github.com/jrendel/SwiftKeychainWrapper";
			requirement = {
				kind = upToNextMajorVersion;
				minimumVersion = 4.0.0;
			};
		};
		5FB95CD628D323E2006A3E6B /* XCRemoteSwiftPackageReference "realm-swift" */ = {
			isa = XCRemoteSwiftPackageReference;
			repositoryURL = "https://github.com/realm/realm-swift.git";
			requirement = {
				kind = upToNextMajorVersion;
				minimumVersion = 10.19.0;
			};
		};
		5FCF5B1728DE0991005E238D /* XCRemoteSwiftPackageReference "lottie-ios" */ = {
			isa = XCRemoteSwiftPackageReference;
			repositoryURL = "https://github.com/alexruperez/lottie-ios.git";
			requirement = {
				kind = upToNextMajorVersion;
				minimumVersion = 3.0.0;
			};
		};
/* End XCRemoteSwiftPackageReference section */

/* Begin XCSwiftPackageProductDependency section */
		5FB95CC728D3212D006A3E6B /* Bond */ = {
			isa = XCSwiftPackageProductDependency;
			package = 5FB95CC628D3212D006A3E6B /* XCRemoteSwiftPackageReference "Bond" */;
			productName = Bond;
		};
		5FB95CCC28D322A8006A3E6B /* SwiftKeychainWrapper */ = {
			isa = XCSwiftPackageProductDependency;
			package = 5FB95CCB28D322A8006A3E6B /* XCRemoteSwiftPackageReference "SwiftKeychainWrapper" */;
			productName = SwiftKeychainWrapper;
		};
		5FB95CD728D323E2006A3E6B /* Realm */ = {
			isa = XCSwiftPackageProductDependency;
			package = 5FB95CD628D323E2006A3E6B /* XCRemoteSwiftPackageReference "realm-swift" */;
			productName = Realm;
		};
		5FB95CD928D323E2006A3E6B /* RealmSwift */ = {
			isa = XCSwiftPackageProductDependency;
			package = 5FB95CD628D323E2006A3E6B /* XCRemoteSwiftPackageReference "realm-swift" */;
			productName = RealmSwift;
		};
		5FCF5B1828DE0991005E238D /* Lottie */ = {
			isa = XCSwiftPackageProductDependency;
			package = 5FCF5B1728DE0991005E238D /* XCRemoteSwiftPackageReference "lottie-ios" */;
			productName = Lottie;
		};
/* End XCSwiftPackageProductDependency section */
	};
	rootObject = 5F6FE82E28C5B60F00B46B81 /* Project object */;
}
